// !$*UTF8*$!
{
	archiveVersion = 1;
	classes = {
	};
	objectVersion = 56;
	objects = {

/* Begin PBXBuildFile section */
		1C015CC72B6C9D9500988E7D /* LeagueCollectionViewCell.swift in Sources */ = {isa = PBXBuildFile; fileRef = 1C015CC52B6C9D9500988E7D /* LeagueCollectionViewCell.swift */; };
		1C015CC82B6C9D9500988E7D /* LeagueCollectionViewCell.xib in Resources */ = {isa = PBXBuildFile; fileRef = 1C015CC62B6C9D9500988E7D /* LeagueCollectionViewCell.xib */; };
		1C015CCB2B6CA35100988E7D /* ViewModel.swift in Sources */ = {isa = PBXBuildFile; fileRef = 1C015CCA2B6CA35100988E7D /* ViewModel.swift */; };
		1C015CCE2B6CA46400988E7D /* RxCocoa in Frameworks */ = {isa = PBXBuildFile; productRef = 1C015CCD2B6CA46400988E7D /* RxCocoa */; };
		1C015CD02B6CA46400988E7D /* RxRelay in Frameworks */ = {isa = PBXBuildFile; productRef = 1C015CCF2B6CA46400988E7D /* RxRelay */; };
		1C015CD22B6CA46400988E7D /* RxSwift in Frameworks */ = {isa = PBXBuildFile; productRef = 1C015CD12B6CA46400988E7D /* RxSwift */; };
		1C38C08B2B747FAB00D67603 /* NewsTableViewCell.swift in Sources */ = {isa = PBXBuildFile; fileRef = 1C38C0892B747FAB00D67603 /* NewsTableViewCell.swift */; };
		1C38C08C2B747FAB00D67603 /* NewsTableViewCell.xib in Resources */ = {isa = PBXBuildFile; fileRef = 1C38C08A2B747FAB00D67603 /* NewsTableViewCell.xib */; };
		1C6144622B7318F4009424EA /* TrendingCollectionViewCell.swift in Sources */ = {isa = PBXBuildFile; fileRef = 1C6144602B7318F4009424EA /* TrendingCollectionViewCell.swift */; };
		1C6144632B7318F4009424EA /* TrendingCollectionViewCell.xib in Resources */ = {isa = PBXBuildFile; fileRef = 1C6144612B7318F4009424EA /* TrendingCollectionViewCell.xib */; };
		1C6144652B7336DE009424EA /* TrendingNewsModel.swift in Sources */ = {isa = PBXBuildFile; fileRef = 1C6144642B7336DE009424EA /* TrendingNewsModel.swift */; };
		1C61446A2B734019009424EA /* SDWebImage in Frameworks */ = {isa = PBXBuildFile; productRef = 1C6144692B734019009424EA /* SDWebImage */; };
		1C61741A2B6D601B00F3E8AB /* PopularCollectionViewCell.swift in Sources */ = {isa = PBXBuildFile; fileRef = 1C6174182B6D601B00F3E8AB /* PopularCollectionViewCell.swift */; };
		1C61741B2B6D601B00F3E8AB /* PopularCollectionViewCell.xib in Resources */ = {isa = PBXBuildFile; fileRef = 1C6174192B6D601B00F3E8AB /* PopularCollectionViewCell.xib */; };
		1C7C65722B6AD3DE00A64EDD /* AppDelegate.swift in Sources */ = {isa = PBXBuildFile; fileRef = 1C7C65712B6AD3DE00A64EDD /* AppDelegate.swift */; };
		1C7C65742B6AD3DE00A64EDD /* SceneDelegate.swift in Sources */ = {isa = PBXBuildFile; fileRef = 1C7C65732B6AD3DE00A64EDD /* SceneDelegate.swift */; };
		1C7C65762B6AD3DE00A64EDD /* HomeVC.swift in Sources */ = {isa = PBXBuildFile; fileRef = 1C7C65752B6AD3DE00A64EDD /* HomeVC.swift */; };
		1C7C65792B6AD3DE00A64EDD /* Main.storyboard in Resources */ = {isa = PBXBuildFile; fileRef = 1C7C65772B6AD3DE00A64EDD /* Main.storyboard */; };
		1C7C657B2B6AD3E000A64EDD /* Assets.xcassets in Resources */ = {isa = PBXBuildFile; fileRef = 1C7C657A2B6AD3E000A64EDD /* Assets.xcassets */; };
		1C7C657E2B6AD3E000A64EDD /* LaunchScreen.storyboard in Resources */ = {isa = PBXBuildFile; fileRef = 1C7C657C2B6AD3E000A64EDD /* LaunchScreen.storyboard */; };
		1C7C65892B6AD3E000A64EDD /* FanZoneTests.swift in Sources */ = {isa = PBXBuildFile; fileRef = 1C7C65882B6AD3E000A64EDD /* FanZoneTests.swift */; };
		1C7C65932B6AD3E000A64EDD /* FanZoneUITests.swift in Sources */ = {isa = PBXBuildFile; fileRef = 1C7C65922B6AD3E000A64EDD /* FanZoneUITests.swift */; };
		1C7C65952B6AD3E000A64EDD /* FanZoneUITestsLaunchTests.swift in Sources */ = {isa = PBXBuildFile; fileRef = 1C7C65942B6AD3E000A64EDD /* FanZoneUITestsLaunchTests.swift */; };
		1C7C65A72B6C36C300A64EDD /* NavBar.swift in Sources */ = {isa = PBXBuildFile; fileRef = 1C7C65A62B6C36C300A64EDD /* NavBar.swift */; };
		1C7C65A92B6C38C200A64EDD /* NewsVC.swift in Sources */ = {isa = PBXBuildFile; fileRef = 1C7C65A82B6C38C200A64EDD /* NewsVC.swift */; };
		1C7C65AB2B6C38D900A64EDD /* HighlightsVC.swift in Sources */ = {isa = PBXBuildFile; fileRef = 1C7C65AA2B6C38D900A64EDD /* HighlightsVC.swift */; };
		1C7C65AD2B6C38EA00A64EDD /* ProfileVC.swift in Sources */ = {isa = PBXBuildFile; fileRef = 1C7C65AC2B6C38EA00A64EDD /* ProfileVC.swift */; };
		1CAE5B7A2B707DEC008431D0 /* Constants.swift in Sources */ = {isa = PBXBuildFile; fileRef = 1CAE5B792B707DEC008431D0 /* Constants.swift */; };
		1CAE5B7C2B707F03008431D0 /* ApiManager.swift in Sources */ = {isa = PBXBuildFile; fileRef = 1CAE5B7B2B707F03008431D0 /* ApiManager.swift */; };
		1CAE5B7E2B708018008431D0 /* UpcomingFixeturesModel.swift in Sources */ = {isa = PBXBuildFile; fileRef = 1CAE5B7D2B708018008431D0 /* UpcomingFixeturesModel.swift */; };
		1CC22DCC2B6EBED200704EA8 /* UpcomingMatchesTableViewCell.swift in Sources */ = {isa = PBXBuildFile; fileRef = 1CC22DCA2B6EBED200704EA8 /* UpcomingMatchesTableViewCell.swift */; };
		1CC22DCD2B6EBED200704EA8 /* UpcomingMatchesTableViewCell.xib in Resources */ = {isa = PBXBuildFile; fileRef = 1CC22DCB2B6EBED200704EA8 /* UpcomingMatchesTableViewCell.xib */; };
		1CCBA4C12B76B9EA0079C049 /* HighlightsTableViewCell.swift in Sources */ = {isa = PBXBuildFile; fileRef = 1CCBA4BF2B76B9EA0079C049 /* HighlightsTableViewCell.swift */; };
		1CCBA4C22B76B9EA0079C049 /* HighlightsTableViewCell.xib in Resources */ = {isa = PBXBuildFile; fileRef = 1CCBA4C02B76B9EA0079C049 /* HighlightsTableViewCell.xib */; };
		1CCBA4C52B76C0AA0079C049 /* HighlightsModel.swift in Sources */ = {isa = PBXBuildFile; fileRef = 1CCBA4C42B76C0AA0079C049 /* HighlightsModel.swift */; };
		1CCBA4C72B76C9B00079C049 /* VideoWebViewVC.swift in Sources */ = {isa = PBXBuildFile; fileRef = 1CCBA4C62B76C9B00079C049 /* VideoWebViewVC.swift */; };
		1CEA48212B771AC6002873AC /* FixturesVC.swift in Sources */ = {isa = PBXBuildFile; fileRef = 1CEA48202B771AC6002873AC /* FixturesVC.swift */; };
		1CEF7C432B75CD7A00A9B824 /* NewsModel.swift in Sources */ = {isa = PBXBuildFile; fileRef = 1CEF7C422B75CD7A00A9B824 /* NewsModel.swift */; };
		1CEF7C452B75D8C200A9B824 /* NewsWebVC.swift in Sources */ = {isa = PBXBuildFile; fileRef = 1CEF7C442B75D8C200A9B824 /* NewsWebVC.swift */; };
/* End PBXBuildFile section */

/* Begin PBXContainerItemProxy section */
		1C7C65852B6AD3E000A64EDD /* PBXContainerItemProxy */ = {
			isa = PBXContainerItemProxy;
			containerPortal = 1C7C65662B6AD3DE00A64EDD /* Project object */;
			proxyType = 1;
			remoteGlobalIDString = 1C7C656D2B6AD3DE00A64EDD;
			remoteInfo = FanZone;
		};
		1C7C658F2B6AD3E000A64EDD /* PBXContainerItemProxy */ = {
			isa = PBXContainerItemProxy;
			containerPortal = 1C7C65662B6AD3DE00A64EDD /* Project object */;
			proxyType = 1;
			remoteGlobalIDString = 1C7C656D2B6AD3DE00A64EDD;
			remoteInfo = FanZone;
		};
/* End PBXContainerItemProxy section */

/* Begin PBXFileReference section */
		1C015CC52B6C9D9500988E7D /* LeagueCollectionViewCell.swift */ = {isa = PBXFileReference; lastKnownFileType = sourcecode.swift; path = LeagueCollectionViewCell.swift; sourceTree = "<group>"; };
		1C015CC62B6C9D9500988E7D /* LeagueCollectionViewCell.xib */ = {isa = PBXFileReference; lastKnownFileType = file.xib; path = LeagueCollectionViewCell.xib; sourceTree = "<group>"; };
		1C015CCA2B6CA35100988E7D /* ViewModel.swift */ = {isa = PBXFileReference; lastKnownFileType = sourcecode.swift; path = ViewModel.swift; sourceTree = "<group>"; };
		1C38C0892B747FAB00D67603 /* NewsTableViewCell.swift */ = {isa = PBXFileReference; lastKnownFileType = sourcecode.swift; path = NewsTableViewCell.swift; sourceTree = "<group>"; };
		1C38C08A2B747FAB00D67603 /* NewsTableViewCell.xib */ = {isa = PBXFileReference; lastKnownFileType = file.xib; path = NewsTableViewCell.xib; sourceTree = "<group>"; };
		1C6144602B7318F4009424EA /* TrendingCollectionViewCell.swift */ = {isa = PBXFileReference; lastKnownFileType = sourcecode.swift; path = TrendingCollectionViewCell.swift; sourceTree = "<group>"; };
		1C6144612B7318F4009424EA /* TrendingCollectionViewCell.xib */ = {isa = PBXFileReference; lastKnownFileType = file.xib; path = TrendingCollectionViewCell.xib; sourceTree = "<group>"; };
		1C6144642B7336DE009424EA /* TrendingNewsModel.swift */ = {isa = PBXFileReference; lastKnownFileType = sourcecode.swift; path = TrendingNewsModel.swift; sourceTree = "<group>"; };
		1C6174182B6D601B00F3E8AB /* PopularCollectionViewCell.swift */ = {isa = PBXFileReference; lastKnownFileType = sourcecode.swift; path = PopularCollectionViewCell.swift; sourceTree = "<group>"; };
		1C6174192B6D601B00F3E8AB /* PopularCollectionViewCell.xib */ = {isa = PBXFileReference; lastKnownFileType = file.xib; path = PopularCollectionViewCell.xib; sourceTree = "<group>"; };
		1C7C656E2B6AD3DE00A64EDD /* FanZone.app */ = {isa = PBXFileReference; explicitFileType = wrapper.application; includeInIndex = 0; path = FanZone.app; sourceTree = BUILT_PRODUCTS_DIR; };
		1C7C65712B6AD3DE00A64EDD /* AppDelegate.swift */ = {isa = PBXFileReference; lastKnownFileType = sourcecode.swift; path = AppDelegate.swift; sourceTree = "<group>"; };
		1C7C65732B6AD3DE00A64EDD /* SceneDelegate.swift */ = {isa = PBXFileReference; lastKnownFileType = sourcecode.swift; path = SceneDelegate.swift; sourceTree = "<group>"; };
		1C7C65752B6AD3DE00A64EDD /* HomeVC.swift */ = {isa = PBXFileReference; lastKnownFileType = sourcecode.swift; path = HomeVC.swift; sourceTree = "<group>"; };
		1C7C65782B6AD3DE00A64EDD /* Base */ = {isa = PBXFileReference; lastKnownFileType = file.storyboard; name = Base; path = Base.lproj/Main.storyboard; sourceTree = "<group>"; };
		1C7C657A2B6AD3E000A64EDD /* Assets.xcassets */ = {isa = PBXFileReference; lastKnownFileType = folder.assetcatalog; path = Assets.xcassets; sourceTree = "<group>"; };
		1C7C657D2B6AD3E000A64EDD /* Base */ = {isa = PBXFileReference; lastKnownFileType = file.storyboard; name = Base; path = Base.lproj/LaunchScreen.storyboard; sourceTree = "<group>"; };
		1C7C657F2B6AD3E000A64EDD /* Info.plist */ = {isa = PBXFileReference; lastKnownFileType = text.plist.xml; path = Info.plist; sourceTree = "<group>"; };
		1C7C65842B6AD3E000A64EDD /* FanZoneTests.xctest */ = {isa = PBXFileReference; explicitFileType = wrapper.cfbundle; includeInIndex = 0; path = FanZoneTests.xctest; sourceTree = BUILT_PRODUCTS_DIR; };
		1C7C65882B6AD3E000A64EDD /* FanZoneTests.swift */ = {isa = PBXFileReference; lastKnownFileType = sourcecode.swift; path = FanZoneTests.swift; sourceTree = "<group>"; };
		1C7C658E2B6AD3E000A64EDD /* FanZoneUITests.xctest */ = {isa = PBXFileReference; explicitFileType = wrapper.cfbundle; includeInIndex = 0; path = FanZoneUITests.xctest; sourceTree = BUILT_PRODUCTS_DIR; };
		1C7C65922B6AD3E000A64EDD /* FanZoneUITests.swift */ = {isa = PBXFileReference; lastKnownFileType = sourcecode.swift; path = FanZoneUITests.swift; sourceTree = "<group>"; };
		1C7C65942B6AD3E000A64EDD /* FanZoneUITestsLaunchTests.swift */ = {isa = PBXFileReference; lastKnownFileType = sourcecode.swift; path = FanZoneUITestsLaunchTests.swift; sourceTree = "<group>"; };
		1C7C65A62B6C36C300A64EDD /* NavBar.swift */ = {isa = PBXFileReference; lastKnownFileType = sourcecode.swift; path = NavBar.swift; sourceTree = "<group>"; };
		1C7C65A82B6C38C200A64EDD /* NewsVC.swift */ = {isa = PBXFileReference; lastKnownFileType = sourcecode.swift; path = NewsVC.swift; sourceTree = "<group>"; };
		1C7C65AA2B6C38D900A64EDD /* HighlightsVC.swift */ = {isa = PBXFileReference; lastKnownFileType = sourcecode.swift; path = HighlightsVC.swift; sourceTree = "<group>"; };
		1C7C65AC2B6C38EA00A64EDD /* ProfileVC.swift */ = {isa = PBXFileReference; lastKnownFileType = sourcecode.swift; path = ProfileVC.swift; sourceTree = "<group>"; };
		1CAE5B792B707DEC008431D0 /* Constants.swift */ = {isa = PBXFileReference; lastKnownFileType = sourcecode.swift; path = Constants.swift; sourceTree = "<group>"; };
		1CAE5B7B2B707F03008431D0 /* ApiManager.swift */ = {isa = PBXFileReference; lastKnownFileType = sourcecode.swift; path = ApiManager.swift; sourceTree = "<group>"; };
		1CAE5B7D2B708018008431D0 /* UpcomingFixeturesModel.swift */ = {isa = PBXFileReference; lastKnownFileType = sourcecode.swift; path = UpcomingFixeturesModel.swift; sourceTree = "<group>"; };
		1CC22DCA2B6EBED200704EA8 /* UpcomingMatchesTableViewCell.swift */ = {isa = PBXFileReference; lastKnownFileType = sourcecode.swift; path = UpcomingMatchesTableViewCell.swift; sourceTree = "<group>"; };
		1CC22DCB2B6EBED200704EA8 /* UpcomingMatchesTableViewCell.xib */ = {isa = PBXFileReference; lastKnownFileType = file.xib; path = UpcomingMatchesTableViewCell.xib; sourceTree = "<group>"; };
		1CCBA4BF2B76B9EA0079C049 /* HighlightsTableViewCell.swift */ = {isa = PBXFileReference; lastKnownFileType = sourcecode.swift; path = HighlightsTableViewCell.swift; sourceTree = "<group>"; };
		1CCBA4C02B76B9EA0079C049 /* HighlightsTableViewCell.xib */ = {isa = PBXFileReference; lastKnownFileType = file.xib; path = HighlightsTableViewCell.xib; sourceTree = "<group>"; };
		1CCBA4C42B76C0AA0079C049 /* HighlightsModel.swift */ = {isa = PBXFileReference; lastKnownFileType = sourcecode.swift; path = HighlightsModel.swift; sourceTree = "<group>"; };
		1CCBA4C62B76C9B00079C049 /* VideoWebViewVC.swift */ = {isa = PBXFileReference; lastKnownFileType = sourcecode.swift; path = VideoWebViewVC.swift; sourceTree = "<group>"; };
		1CEA48202B771AC6002873AC /* FixturesVC.swift */ = {isa = PBXFileReference; lastKnownFileType = sourcecode.swift; path = FixturesVC.swift; sourceTree = "<group>"; };
		1CEF7C422B75CD7A00A9B824 /* NewsModel.swift */ = {isa = PBXFileReference; lastKnownFileType = sourcecode.swift; path = NewsModel.swift; sourceTree = "<group>"; };
		1CEF7C442B75D8C200A9B824 /* NewsWebVC.swift */ = {isa = PBXFileReference; lastKnownFileType = sourcecode.swift; path = NewsWebVC.swift; sourceTree = "<group>"; };
/* End PBXFileReference section */

/* Begin PBXFrameworksBuildPhase section */
		1C7C656B2B6AD3DE00A64EDD /* Frameworks */ = {
			isa = PBXFrameworksBuildPhase;
			buildActionMask = 2147483647;
			files = (
				1C015CD22B6CA46400988E7D /* RxSwift in Frameworks */,
				1C015CD02B6CA46400988E7D /* RxRelay in Frameworks */,
				1C61446A2B734019009424EA /* SDWebImage in Frameworks */,
				1C015CCE2B6CA46400988E7D /* RxCocoa in Frameworks */,
			);
			runOnlyForDeploymentPostprocessing = 0;
		};
		1C7C65812B6AD3E000A64EDD /* Frameworks */ = {
			isa = PBXFrameworksBuildPhase;
			buildActionMask = 2147483647;
			files = (
			);
			runOnlyForDeploymentPostprocessing = 0;
		};
		1C7C658B2B6AD3E000A64EDD /* Frameworks */ = {
			isa = PBXFrameworksBuildPhase;
			buildActionMask = 2147483647;
			files = (
			);
			runOnlyForDeploymentPostprocessing = 0;
		};
/* End PBXFrameworksBuildPhase section */

/* Begin PBXGroup section */
		1C015CC92B6C9DAE00988E7D /* LeagueCollectionViewCell */ = {
			isa = PBXGroup;
			children = (
				1C015CC52B6C9D9500988E7D /* LeagueCollectionViewCell.swift */,
				1C015CC62B6C9D9500988E7D /* LeagueCollectionViewCell.xib */,
			);
			path = LeagueCollectionViewCell;
			sourceTree = "<group>";
		};
		1C38C0882B747F8A00D67603 /* NewsTableView */ = {
			isa = PBXGroup;
			children = (
				1C38C0892B747FAB00D67603 /* NewsTableViewCell.swift */,
				1C38C08A2B747FAB00D67603 /* NewsTableViewCell.xib */,
			);
			path = NewsTableView;
			sourceTree = "<group>";
		};
		1C38C08D2B74821000D67603 /* NewsVC */ = {
			isa = PBXGroup;
			children = (
				1C7C65A82B6C38C200A64EDD /* NewsVC.swift */,
				1CEF7C442B75D8C200A9B824 /* NewsWebVC.swift */,
				1C61445F2B72D81B009424EA /* TrendingCollectionViewCell */,
				1C38C0882B747F8A00D67603 /* NewsTableView */,
			);
			path = NewsVC;
			sourceTree = "<group>";
		};
		1C61445A2B72D783009424EA /* HomeVC */ = {
			isa = PBXGroup;
			children = (
				1C7C65752B6AD3DE00A64EDD /* HomeVC.swift */,
				1CEA48202B771AC6002873AC /* FixturesVC.swift */,
				1C015CC92B6C9DAE00988E7D /* LeagueCollectionViewCell */,
				1C6174132B6D5FA300F3E8AB /* PopularCollectionViewCell */,
				1CC22DC92B6EBE4100704EA8 /* UpcomingMatchesTableView */,
			);
			path = HomeVC;
			sourceTree = "<group>";
		};
		1C61445F2B72D81B009424EA /* TrendingCollectionViewCell */ = {
			isa = PBXGroup;
			children = (
				1C6144602B7318F4009424EA /* TrendingCollectionViewCell.swift */,
				1C6144612B7318F4009424EA /* TrendingCollectionViewCell.xib */,
			);
			path = TrendingCollectionViewCell;
			sourceTree = "<group>";
		};
		1C6174132B6D5FA300F3E8AB /* PopularCollectionViewCell */ = {
			isa = PBXGroup;
			children = (
				1C6174182B6D601B00F3E8AB /* PopularCollectionViewCell.swift */,
				1C6174192B6D601B00F3E8AB /* PopularCollectionViewCell.xib */,
			);
			path = PopularCollectionViewCell;
			sourceTree = "<group>";
		};
		1C7C65652B6AD3DE00A64EDD = {
			isa = PBXGroup;
			children = (
				1C7C65702B6AD3DE00A64EDD /* FanZone */,
				1C7C65872B6AD3E000A64EDD /* FanZoneTests */,
				1C7C65912B6AD3E000A64EDD /* FanZoneUITests */,
				1C7C656F2B6AD3DE00A64EDD /* Products */,
			);
			sourceTree = "<group>";
		};
		1C7C656F2B6AD3DE00A64EDD /* Products */ = {
			isa = PBXGroup;
			children = (
				1C7C656E2B6AD3DE00A64EDD /* FanZone.app */,
				1C7C65842B6AD3E000A64EDD /* FanZoneTests.xctest */,
				1C7C658E2B6AD3E000A64EDD /* FanZoneUITests.xctest */,
			);
			name = Products;
			sourceTree = "<group>";
		};
		1C7C65702B6AD3DE00A64EDD /* FanZone */ = {
			isa = PBXGroup;
			children = (
				1C7C65712B6AD3DE00A64EDD /* AppDelegate.swift */,
				1C7C65732B6AD3DE00A64EDD /* SceneDelegate.swift */,
				1C7C65A12B6C18B900A64EDD /* Model */,
				1C7C65A22B6C18C000A64EDD /* View */,
				1C7C65A32B6C18C600A64EDD /* ViewModel */,
				1C7C65A42B6C192800A64EDD /* Extensions */,
				1C7C65A52B6C193E00A64EDD /* Constants */,
				1C7C65772B6AD3DE00A64EDD /* Main.storyboard */,
				1C7C657A2B6AD3E000A64EDD /* Assets.xcassets */,
				1C7C657C2B6AD3E000A64EDD /* LaunchScreen.storyboard */,
				1C7C657F2B6AD3E000A64EDD /* Info.plist */,
			);
			path = FanZone;
			sourceTree = "<group>";
		};
		1C7C65872B6AD3E000A64EDD /* FanZoneTests */ = {
			isa = PBXGroup;
			children = (
				1C7C65882B6AD3E000A64EDD /* FanZoneTests.swift */,
			);
			path = FanZoneTests;
			sourceTree = "<group>";
		};
		1C7C65912B6AD3E000A64EDD /* FanZoneUITests */ = {
			isa = PBXGroup;
			children = (
				1C7C65922B6AD3E000A64EDD /* FanZoneUITests.swift */,
				1C7C65942B6AD3E000A64EDD /* FanZoneUITestsLaunchTests.swift */,
			);
			path = FanZoneUITests;
			sourceTree = "<group>";
		};
		1C7C65A12B6C18B900A64EDD /* Model */ = {
			isa = PBXGroup;
			children = (
				1CAE5B7B2B707F03008431D0 /* ApiManager.swift */,
				1CAE5B7D2B708018008431D0 /* UpcomingFixeturesModel.swift */,
				1C6144642B7336DE009424EA /* TrendingNewsModel.swift */,
				1CEF7C422B75CD7A00A9B824 /* NewsModel.swift */,
				1CCBA4C42B76C0AA0079C049 /* HighlightsModel.swift */,
			);
			path = Model;
			sourceTree = "<group>";
		};
		1C7C65A22B6C18C000A64EDD /* View */ = {
			isa = PBXGroup;
			children = (
				1C61445A2B72D783009424EA /* HomeVC */,
				1C38C08D2B74821000D67603 /* NewsVC */,
				1CCBA4BE2B76B9B20079C049 /* HighlightsVC */,
				1C7C65AC2B6C38EA00A64EDD /* ProfileVC.swift */,
			);
			path = View;
			sourceTree = "<group>";
		};
		1C7C65A32B6C18C600A64EDD /* ViewModel */ = {
			isa = PBXGroup;
			children = (
				1C015CCA2B6CA35100988E7D /* ViewModel.swift */,
			);
			path = ViewModel;
			sourceTree = "<group>";
		};
		1C7C65A42B6C192800A64EDD /* Extensions */ = {
			isa = PBXGroup;
			children = (
				1C7C65A62B6C36C300A64EDD /* NavBar.swift */,
			);
			path = Extensions;
			sourceTree = "<group>";
		};
		1C7C65A52B6C193E00A64EDD /* Constants */ = {
			isa = PBXGroup;
			children = (
				1CAE5B792B707DEC008431D0 /* Constants.swift */,
			);
			path = Constants;
			sourceTree = "<group>";
		};
		1CC22DC92B6EBE4100704EA8 /* UpcomingMatchesTableView */ = {
			isa = PBXGroup;
			children = (
				1CC22DCA2B6EBED200704EA8 /* UpcomingMatchesTableViewCell.swift */,
				1CC22DCB2B6EBED200704EA8 /* UpcomingMatchesTableViewCell.xib */,
			);
			path = UpcomingMatchesTableView;
			sourceTree = "<group>";
		};
		1CCBA4BE2B76B9B20079C049 /* HighlightsVC */ = {
			isa = PBXGroup;
			children = (
				1C7C65AA2B6C38D900A64EDD /* HighlightsVC.swift */,
				1CCBA4C62B76C9B00079C049 /* VideoWebViewVC.swift */,
				1CCBA4C32B76B9F90079C049 /* HighlightsTableViewCell */,
			);
			path = HighlightsVC;
			sourceTree = "<group>";
		};
		1CCBA4C32B76B9F90079C049 /* HighlightsTableViewCell */ = {
			isa = PBXGroup;
			children = (
				1CCBA4BF2B76B9EA0079C049 /* HighlightsTableViewCell.swift */,
				1CCBA4C02B76B9EA0079C049 /* HighlightsTableViewCell.xib */,
			);
			path = HighlightsTableViewCell;
			sourceTree = "<group>";
		};
/* End PBXGroup section */

/* Begin PBXNativeTarget section */
		1C7C656D2B6AD3DE00A64EDD /* FanZone */ = {
			isa = PBXNativeTarget;
			buildConfigurationList = 1C7C65982B6AD3E000A64EDD /* Build configuration list for PBXNativeTarget "FanZone" */;
			buildPhases = (
				1C7C656A2B6AD3DE00A64EDD /* Sources */,
				1C7C656B2B6AD3DE00A64EDD /* Frameworks */,
				1C7C656C2B6AD3DE00A64EDD /* Resources */,
			);
			buildRules = (
			);
			dependencies = (
			);
			name = FanZone;
			packageProductDependencies = (
				1C015CCD2B6CA46400988E7D /* RxCocoa */,
				1C015CCF2B6CA46400988E7D /* RxRelay */,
				1C015CD12B6CA46400988E7D /* RxSwift */,
				1C6144692B734019009424EA /* SDWebImage */,
			);
			productName = FanZone;
			productReference = 1C7C656E2B6AD3DE00A64EDD /* FanZone.app */;
			productType = "com.apple.product-type.application";
		};
		1C7C65832B6AD3E000A64EDD /* FanZoneTests */ = {
			isa = PBXNativeTarget;
			buildConfigurationList = 1C7C659B2B6AD3E000A64EDD /* Build configuration list for PBXNativeTarget "FanZoneTests" */;
			buildPhases = (
				1C7C65802B6AD3E000A64EDD /* Sources */,
				1C7C65812B6AD3E000A64EDD /* Frameworks */,
				1C7C65822B6AD3E000A64EDD /* Resources */,
			);
			buildRules = (
			);
			dependencies = (
				1C7C65862B6AD3E000A64EDD /* PBXTargetDependency */,
			);
			name = FanZoneTests;
			productName = FanZoneTests;
			productReference = 1C7C65842B6AD3E000A64EDD /* FanZoneTests.xctest */;
			productType = "com.apple.product-type.bundle.unit-test";
		};
		1C7C658D2B6AD3E000A64EDD /* FanZoneUITests */ = {
			isa = PBXNativeTarget;
			buildConfigurationList = 1C7C659E2B6AD3E000A64EDD /* Build configuration list for PBXNativeTarget "FanZoneUITests" */;
			buildPhases = (
				1C7C658A2B6AD3E000A64EDD /* Sources */,
				1C7C658B2B6AD3E000A64EDD /* Frameworks */,
				1C7C658C2B6AD3E000A64EDD /* Resources */,
			);
			buildRules = (
			);
			dependencies = (
				1C7C65902B6AD3E000A64EDD /* PBXTargetDependency */,
			);
			name = FanZoneUITests;
			productName = FanZoneUITests;
			productReference = 1C7C658E2B6AD3E000A64EDD /* FanZoneUITests.xctest */;
			productType = "com.apple.product-type.bundle.ui-testing";
		};
/* End PBXNativeTarget section */

/* Begin PBXProject section */
		1C7C65662B6AD3DE00A64EDD /* Project object */ = {
			isa = PBXProject;
			attributes = {
				BuildIndependentTargetsInParallel = 1;
				LastSwiftUpdateCheck = 1420;
				LastUpgradeCheck = 1420;
				TargetAttributes = {
					1C7C656D2B6AD3DE00A64EDD = {
						CreatedOnToolsVersion = 14.2;
					};
					1C7C65832B6AD3E000A64EDD = {
						CreatedOnToolsVersion = 14.2;
						TestTargetID = 1C7C656D2B6AD3DE00A64EDD;
					};
					1C7C658D2B6AD3E000A64EDD = {
						CreatedOnToolsVersion = 14.2;
						TestTargetID = 1C7C656D2B6AD3DE00A64EDD;
					};
				};
			};
			buildConfigurationList = 1C7C65692B6AD3DE00A64EDD /* Build configuration list for PBXProject "FanZone" */;
			compatibilityVersion = "Xcode 14.0";
			developmentRegion = en;
			hasScannedForEncodings = 0;
			knownRegions = (
				en,
				Base,
			);
			mainGroup = 1C7C65652B6AD3DE00A64EDD;
			packageReferences = (
				1C015CCC2B6CA46400988E7D /* XCRemoteSwiftPackageReference "RxSwift" */,
				1C6144682B734019009424EA /* XCRemoteSwiftPackageReference "SDWebImage" */,
			);
			productRefGroup = 1C7C656F2B6AD3DE00A64EDD /* Products */;
			projectDirPath = "";
			projectRoot = "";
			targets = (
				1C7C656D2B6AD3DE00A64EDD /* FanZone */,
				1C7C65832B6AD3E000A64EDD /* FanZoneTests */,
				1C7C658D2B6AD3E000A64EDD /* FanZoneUITests */,
			);
		};
/* End PBXProject section */

/* Begin PBXResourcesBuildPhase section */
		1C7C656C2B6AD3DE00A64EDD /* Resources */ = {
			isa = PBXResourcesBuildPhase;
			buildActionMask = 2147483647;
			files = (
				1CC22DCD2B6EBED200704EA8 /* UpcomingMatchesTableViewCell.xib in Resources */,
				1C7C657E2B6AD3E000A64EDD /* LaunchScreen.storyboard in Resources */,
				1C6144632B7318F4009424EA /* TrendingCollectionViewCell.xib in Resources */,
				1C7C657B2B6AD3E000A64EDD /* Assets.xcassets in Resources */,
				1C7C65792B6AD3DE00A64EDD /* Main.storyboard in Resources */,
				1C015CC82B6C9D9500988E7D /* LeagueCollectionViewCell.xib in Resources */,
				1CCBA4C22B76B9EA0079C049 /* HighlightsTableViewCell.xib in Resources */,
				1C38C08C2B747FAB00D67603 /* NewsTableViewCell.xib in Resources */,
				1C61741B2B6D601B00F3E8AB /* PopularCollectionViewCell.xib in Resources */,
			);
			runOnlyForDeploymentPostprocessing = 0;
		};
		1C7C65822B6AD3E000A64EDD /* Resources */ = {
			isa = PBXResourcesBuildPhase;
			buildActionMask = 2147483647;
			files = (
			);
			runOnlyForDeploymentPostprocessing = 0;
		};
		1C7C658C2B6AD3E000A64EDD /* Resources */ = {
			isa = PBXResourcesBuildPhase;
			buildActionMask = 2147483647;
			files = (
			);
			runOnlyForDeploymentPostprocessing = 0;
		};
/* End PBXResourcesBuildPhase section */

/* Begin PBXSourcesBuildPhase section */
		1C7C656A2B6AD3DE00A64EDD /* Sources */ = {
			isa = PBXSourcesBuildPhase;
			buildActionMask = 2147483647;
			files = (
				1CCBA4C72B76C9B00079C049 /* VideoWebViewVC.swift in Sources */,
				1CEA48212B771AC6002873AC /* FixturesVC.swift in Sources */,
				1C7C65762B6AD3DE00A64EDD /* HomeVC.swift in Sources */,
				1CAE5B7E2B708018008431D0 /* UpcomingFixeturesModel.swift in Sources */,
				1C015CCB2B6CA35100988E7D /* ViewModel.swift in Sources */,
				1C61741A2B6D601B00F3E8AB /* PopularCollectionViewCell.swift in Sources */,
				1CC22DCC2B6EBED200704EA8 /* UpcomingMatchesTableViewCell.swift in Sources */,
				1C7C65AB2B6C38D900A64EDD /* HighlightsVC.swift in Sources */,
				1C7C65AD2B6C38EA00A64EDD /* ProfileVC.swift in Sources */,
				1C015CC72B6C9D9500988E7D /* LeagueCollectionViewCell.swift in Sources */,
				1C6144652B7336DE009424EA /* TrendingNewsModel.swift in Sources */,
				1C7C65A72B6C36C300A64EDD /* NavBar.swift in Sources */,
				1CEF7C452B75D8C200A9B824 /* NewsWebVC.swift in Sources */,
				1CAE5B7C2B707F03008431D0 /* ApiManager.swift in Sources */,
				1CCBA4C52B76C0AA0079C049 /* HighlightsModel.swift in Sources */,
				1C7C65722B6AD3DE00A64EDD /* AppDelegate.swift in Sources */,
				1CEF7C432B75CD7A00A9B824 /* NewsModel.swift in Sources */,
				1CCBA4C12B76B9EA0079C049 /* HighlightsTableViewCell.swift in Sources */,
				1C6144622B7318F4009424EA /* TrendingCollectionViewCell.swift in Sources */,
				1C7C65742B6AD3DE00A64EDD /* SceneDelegate.swift in Sources */,
				1C38C08B2B747FAB00D67603 /* NewsTableViewCell.swift in Sources */,
				1C7C65A92B6C38C200A64EDD /* NewsVC.swift in Sources */,
				1CAE5B7A2B707DEC008431D0 /* Constants.swift in Sources */,
			);
			runOnlyForDeploymentPostprocessing = 0;
		};
		1C7C65802B6AD3E000A64EDD /* Sources */ = {
			isa = PBXSourcesBuildPhase;
			buildActionMask = 2147483647;
			files = (
				1C7C65892B6AD3E000A64EDD /* FanZoneTests.swift in Sources */,
			);
			runOnlyForDeploymentPostprocessing = 0;
		};
		1C7C658A2B6AD3E000A64EDD /* Sources */ = {
			isa = PBXSourcesBuildPhase;
			buildActionMask = 2147483647;
			files = (
				1C7C65952B6AD3E000A64EDD /* FanZoneUITestsLaunchTests.swift in Sources */,
				1C7C65932B6AD3E000A64EDD /* FanZoneUITests.swift in Sources */,
			);
			runOnlyForDeploymentPostprocessing = 0;
		};
/* End PBXSourcesBuildPhase section */

/* Begin PBXTargetDependency section */
		1C7C65862B6AD3E000A64EDD /* PBXTargetDependency */ = {
			isa = PBXTargetDependency;
			target = 1C7C656D2B6AD3DE00A64EDD /* FanZone */;
			targetProxy = 1C7C65852B6AD3E000A64EDD /* PBXContainerItemProxy */;
		};
		1C7C65902B6AD3E000A64EDD /* PBXTargetDependency */ = {
			isa = PBXTargetDependency;
			target = 1C7C656D2B6AD3DE00A64EDD /* FanZone */;
			targetProxy = 1C7C658F2B6AD3E000A64EDD /* PBXContainerItemProxy */;
		};
/* End PBXTargetDependency section */

/* Begin PBXVariantGroup section */
		1C7C65772B6AD3DE00A64EDD /* Main.storyboard */ = {
			isa = PBXVariantGroup;
			children = (
				1C7C65782B6AD3DE00A64EDD /* Base */,
			);
			name = Main.storyboard;
			sourceTree = "<group>";
		};
		1C7C657C2B6AD3E000A64EDD /* LaunchScreen.storyboard */ = {
			isa = PBXVariantGroup;
			children = (
				1C7C657D2B6AD3E000A64EDD /* Base */,
			);
			name = LaunchScreen.storyboard;
			sourceTree = "<group>";
		};
/* End PBXVariantGroup section */

/* Begin XCBuildConfiguration section */
		1C7C65962B6AD3E000A64EDD /* Debug */ = {
			isa = XCBuildConfiguration;
			buildSettings = {
				ALWAYS_SEARCH_USER_PATHS = NO;
				CLANG_ANALYZER_NONNULL = YES;
				CLANG_ANALYZER_NUMBER_OBJECT_CONVERSION = YES_AGGRESSIVE;
				CLANG_CXX_LANGUAGE_STANDARD = "gnu++20";
				CLANG_ENABLE_MODULES = YES;
				CLANG_ENABLE_OBJC_ARC = YES;
				CLANG_ENABLE_OBJC_WEAK = YES;
				CLANG_WARN_BLOCK_CAPTURE_AUTORELEASING = YES;
				CLANG_WARN_BOOL_CONVERSION = YES;
				CLANG_WARN_COMMA = YES;
				CLANG_WARN_CONSTANT_CONVERSION = YES;
				CLANG_WARN_DEPRECATED_OBJC_IMPLEMENTATIONS = YES;
				CLANG_WARN_DIRECT_OBJC_ISA_USAGE = YES_ERROR;
				CLANG_WARN_DOCUMENTATION_COMMENTS = YES;
				CLANG_WARN_EMPTY_BODY = YES;
				CLANG_WARN_ENUM_CONVERSION = YES;
				CLANG_WARN_INFINITE_RECURSION = YES;
				CLANG_WARN_INT_CONVERSION = YES;
				CLANG_WARN_NON_LITERAL_NULL_CONVERSION = YES;
				CLANG_WARN_OBJC_IMPLICIT_RETAIN_SELF = YES;
				CLANG_WARN_OBJC_LITERAL_CONVERSION = YES;
				CLANG_WARN_OBJC_ROOT_CLASS = YES_ERROR;
				CLANG_WARN_QUOTED_INCLUDE_IN_FRAMEWORK_HEADER = YES;
				CLANG_WARN_RANGE_LOOP_ANALYSIS = YES;
				CLANG_WARN_STRICT_PROTOTYPES = YES;
				CLANG_WARN_SUSPICIOUS_MOVE = YES;
				CLANG_WARN_UNGUARDED_AVAILABILITY = YES_AGGRESSIVE;
				CLANG_WARN_UNREACHABLE_CODE = YES;
				CLANG_WARN__DUPLICATE_METHOD_MATCH = YES;
				COPY_PHASE_STRIP = NO;
				DEBUG_INFORMATION_FORMAT = dwarf;
				ENABLE_STRICT_OBJC_MSGSEND = YES;
				ENABLE_TESTABILITY = YES;
				GCC_C_LANGUAGE_STANDARD = gnu11;
				GCC_DYNAMIC_NO_PIC = NO;
				GCC_NO_COMMON_BLOCKS = YES;
				GCC_OPTIMIZATION_LEVEL = 0;
				GCC_PREPROCESSOR_DEFINITIONS = (
					"DEBUG=1",
					"$(inherited)",
				);
				GCC_WARN_64_TO_32_BIT_CONVERSION = YES;
				GCC_WARN_ABOUT_RETURN_TYPE = YES_ERROR;
				GCC_WARN_UNDECLARED_SELECTOR = YES;
				GCC_WARN_UNINITIALIZED_AUTOS = YES_AGGRESSIVE;
				GCC_WARN_UNUSED_FUNCTION = YES;
				GCC_WARN_UNUSED_VARIABLE = YES;
				IPHONEOS_DEPLOYMENT_TARGET = 16.2;
				MTL_ENABLE_DEBUG_INFO = INCLUDE_SOURCE;
				MTL_FAST_MATH = YES;
				ONLY_ACTIVE_ARCH = YES;
				SDKROOT = iphoneos;
				SWIFT_ACTIVE_COMPILATION_CONDITIONS = DEBUG;
				SWIFT_OPTIMIZATION_LEVEL = "-Onone";
			};
			name = Debug;
		};
		1C7C65972B6AD3E000A64EDD /* Release */ = {
			isa = XCBuildConfiguration;
			buildSettings = {
				ALWAYS_SEARCH_USER_PATHS = NO;
				CLANG_ANALYZER_NONNULL = YES;
				CLANG_ANALYZER_NUMBER_OBJECT_CONVERSION = YES_AGGRESSIVE;
				CLANG_CXX_LANGUAGE_STANDARD = "gnu++20";
				CLANG_ENABLE_MODULES = YES;
				CLANG_ENABLE_OBJC_ARC = YES;
				CLANG_ENABLE_OBJC_WEAK = YES;
				CLANG_WARN_BLOCK_CAPTURE_AUTORELEASING = YES;
				CLANG_WARN_BOOL_CONVERSION = YES;
				CLANG_WARN_COMMA = YES;
				CLANG_WARN_CONSTANT_CONVERSION = YES;
				CLANG_WARN_DEPRECATED_OBJC_IMPLEMENTATIONS = YES;
				CLANG_WARN_DIRECT_OBJC_ISA_USAGE = YES_ERROR;
				CLANG_WARN_DOCUMENTATION_COMMENTS = YES;
				CLANG_WARN_EMPTY_BODY = YES;
				CLANG_WARN_ENUM_CONVERSION = YES;
				CLANG_WARN_INFINITE_RECURSION = YES;
				CLANG_WARN_INT_CONVERSION = YES;
				CLANG_WARN_NON_LITERAL_NULL_CONVERSION = YES;
				CLANG_WARN_OBJC_IMPLICIT_RETAIN_SELF = YES;
				CLANG_WARN_OBJC_LITERAL_CONVERSION = YES;
				CLANG_WARN_OBJC_ROOT_CLASS = YES_ERROR;
				CLANG_WARN_QUOTED_INCLUDE_IN_FRAMEWORK_HEADER = YES;
				CLANG_WARN_RANGE_LOOP_ANALYSIS = YES;
				CLANG_WARN_STRICT_PROTOTYPES = YES;
				CLANG_WARN_SUSPICIOUS_MOVE = YES;
				CLANG_WARN_UNGUARDED_AVAILABILITY = YES_AGGRESSIVE;
				CLANG_WARN_UNREACHABLE_CODE = YES;
				CLANG_WARN__DUPLICATE_METHOD_MATCH = YES;
				COPY_PHASE_STRIP = NO;
				DEBUG_INFORMATION_FORMAT = "dwarf-with-dsym";
				ENABLE_NS_ASSERTIONS = NO;
				ENABLE_STRICT_OBJC_MSGSEND = YES;
				GCC_C_LANGUAGE_STANDARD = gnu11;
				GCC_NO_COMMON_BLOCKS = YES;
				GCC_WARN_64_TO_32_BIT_CONVERSION = YES;
				GCC_WARN_ABOUT_RETURN_TYPE = YES_ERROR;
				GCC_WARN_UNDECLARED_SELECTOR = YES;
				GCC_WARN_UNINITIALIZED_AUTOS = YES_AGGRESSIVE;
				GCC_WARN_UNUSED_FUNCTION = YES;
				GCC_WARN_UNUSED_VARIABLE = YES;
				IPHONEOS_DEPLOYMENT_TARGET = 16.2;
				MTL_ENABLE_DEBUG_INFO = NO;
				MTL_FAST_MATH = YES;
				SDKROOT = iphoneos;
				SWIFT_COMPILATION_MODE = wholemodule;
				SWIFT_OPTIMIZATION_LEVEL = "-O";
				VALIDATE_PRODUCT = YES;
			};
			name = Release;
		};
		1C7C65992B6AD3E000A64EDD /* Debug */ = {
			isa = XCBuildConfiguration;
			buildSettings = {
				ASSETCATALOG_COMPILER_APPICON_NAME = AppIcon;
				ASSETCATALOG_COMPILER_GLOBAL_ACCENT_COLOR_NAME = AccentColor;
				CODE_SIGN_STYLE = Automatic;
				CURRENT_PROJECT_VERSION = 1;
				DEVELOPMENT_TEAM = YMB9NT2NKU;
				GENERATE_INFOPLIST_FILE = YES;
				INFOPLIST_FILE = FanZone/Info.plist;
				INFOPLIST_KEY_UIApplicationSupportsIndirectInputEvents = YES;
				INFOPLIST_KEY_UILaunchStoryboardName = LaunchScreen;
				INFOPLIST_KEY_UIMainStoryboardFile = Main;
				INFOPLIST_KEY_UISupportedInterfaceOrientations_iPad = "UIInterfaceOrientationPortrait UIInterfaceOrientationPortraitUpsideDown UIInterfaceOrientationLandscapeLeft UIInterfaceOrientationLandscapeRight";
				INFOPLIST_KEY_UISupportedInterfaceOrientations_iPhone = "UIInterfaceOrientationPortrait UIInterfaceOrientationLandscapeLeft UIInterfaceOrientationLandscapeRight";
				LD_RUNPATH_SEARCH_PATHS = (
					"$(inherited)",
					"@executable_path/Frameworks",
				);
				MARKETING_VERSION = 1.0;
				PRODUCT_BUNDLE_IDENTIFIER = com.atrees.FanZone;
				PRODUCT_NAME = "$(TARGET_NAME)";
				SWIFT_EMIT_LOC_STRINGS = YES;
				SWIFT_VERSION = 5.0;
				TARGETED_DEVICE_FAMILY = "1,2";
			};
			name = Debug;
		};
		1C7C659A2B6AD3E000A64EDD /* Release */ = {
			isa = XCBuildConfiguration;
			buildSettings = {
				ASSETCATALOG_COMPILER_APPICON_NAME = AppIcon;
				ASSETCATALOG_COMPILER_GLOBAL_ACCENT_COLOR_NAME = AccentColor;
				CODE_SIGN_STYLE = Automatic;
				CURRENT_PROJECT_VERSION = 1;
				DEVELOPMENT_TEAM = YMB9NT2NKU;
				GENERATE_INFOPLIST_FILE = YES;
				INFOPLIST_FILE = FanZone/Info.plist;
				INFOPLIST_KEY_UIApplicationSupportsIndirectInputEvents = YES;
				INFOPLIST_KEY_UILaunchStoryboardName = LaunchScreen;
				INFOPLIST_KEY_UIMainStoryboardFile = Main;
				INFOPLIST_KEY_UISupportedInterfaceOrientations_iPad = "UIInterfaceOrientationPortrait UIInterfaceOrientationPortraitUpsideDown UIInterfaceOrientationLandscapeLeft UIInterfaceOrientationLandscapeRight";
				INFOPLIST_KEY_UISupportedInterfaceOrientations_iPhone = "UIInterfaceOrientationPortrait UIInterfaceOrientationLandscapeLeft UIInterfaceOrientationLandscapeRight";
				LD_RUNPATH_SEARCH_PATHS = (
					"$(inherited)",
					"@executable_path/Frameworks",
				);
				MARKETING_VERSION = 1.0;
				PRODUCT_BUNDLE_IDENTIFIER = com.atrees.FanZone;
				PRODUCT_NAME = "$(TARGET_NAME)";
				SWIFT_EMIT_LOC_STRINGS = YES;
				SWIFT_VERSION = 5.0;
				TARGETED_DEVICE_FAMILY = "1,2";
			};
			name = Release;
		};
		1C7C659C2B6AD3E000A64EDD /* Debug */ = {
			isa = XCBuildConfiguration;
			buildSettings = {
				ALWAYS_EMBED_SWIFT_STANDARD_LIBRARIES = YES;
				BUNDLE_LOADER = "$(TEST_HOST)";
				CODE_SIGN_STYLE = Automatic;
				CURRENT_PROJECT_VERSION = 1;
				DEVELOPMENT_TEAM = YMB9NT2NKU;
				GENERATE_INFOPLIST_FILE = YES;
				IPHONEOS_DEPLOYMENT_TARGET = 16.2;
				MARKETING_VERSION = 1.0;
				PRODUCT_BUNDLE_IDENTIFIER = com.atrees.FanZoneTests;
				PRODUCT_NAME = "$(TARGET_NAME)";
				SWIFT_EMIT_LOC_STRINGS = NO;
				SWIFT_VERSION = 5.0;
				TARGETED_DEVICE_FAMILY = "1,2";
				TEST_HOST = "$(BUILT_PRODUCTS_DIR)/FanZone.app/$(BUNDLE_EXECUTABLE_FOLDER_PATH)/FanZone";
			};
			name = Debug;
		};
		1C7C659D2B6AD3E000A64EDD /* Release */ = {
			isa = XCBuildConfiguration;
			buildSettings = {
				ALWAYS_EMBED_SWIFT_STANDARD_LIBRARIES = YES;
				BUNDLE_LOADER = "$(TEST_HOST)";
				CODE_SIGN_STYLE = Automatic;
				CURRENT_PROJECT_VERSION = 1;
				DEVELOPMENT_TEAM = YMB9NT2NKU;
				GENERATE_INFOPLIST_FILE = YES;
				IPHONEOS_DEPLOYMENT_TARGET = 16.2;
				MARKETING_VERSION = 1.0;
				PRODUCT_BUNDLE_IDENTIFIER = com.atrees.FanZoneTests;
				PRODUCT_NAME = "$(TARGET_NAME)";
				SWIFT_EMIT_LOC_STRINGS = NO;
				SWIFT_VERSION = 5.0;
				TARGETED_DEVICE_FAMILY = "1,2";
				TEST_HOST = "$(BUILT_PRODUCTS_DIR)/FanZone.app/$(BUNDLE_EXECUTABLE_FOLDER_PATH)/FanZone";
			};
			name = Release;
		};
		1C7C659F2B6AD3E000A64EDD /* Debug */ = {
			isa = XCBuildConfiguration;
			buildSettings = {
				ALWAYS_EMBED_SWIFT_STANDARD_LIBRARIES = YES;
				CODE_SIGN_STYLE = Automatic;
				CURRENT_PROJECT_VERSION = 1;
				DEVELOPMENT_TEAM = YMB9NT2NKU;
				GENERATE_INFOPLIST_FILE = YES;
				MARKETING_VERSION = 1.0;
				PRODUCT_BUNDLE_IDENTIFIER = com.atrees.FanZoneUITests;
				PRODUCT_NAME = "$(TARGET_NAME)";
				SWIFT_EMIT_LOC_STRINGS = NO;
				SWIFT_VERSION = 5.0;
				TARGETED_DEVICE_FAMILY = "1,2";
				TEST_TARGET_NAME = FanZone;
			};
			name = Debug;
		};
		1C7C65A02B6AD3E000A64EDD /* Release */ = {
			isa = XCBuildConfiguration;
			buildSettings = {
				ALWAYS_EMBED_SWIFT_STANDARD_LIBRARIES = YES;
				CODE_SIGN_STYLE = Automatic;
				CURRENT_PROJECT_VERSION = 1;
				DEVELOPMENT_TEAM = YMB9NT2NKU;
				GENERATE_INFOPLIST_FILE = YES;
				MARKETING_VERSION = 1.0;
				PRODUCT_BUNDLE_IDENTIFIER = com.atrees.FanZoneUITests;
				PRODUCT_NAME = "$(TARGET_NAME)";
				SWIFT_EMIT_LOC_STRINGS = NO;
				SWIFT_VERSION = 5.0;
				TARGETED_DEVICE_FAMILY = "1,2";
				TEST_TARGET_NAME = FanZone;
			};
			name = Release;
		};
/* End XCBuildConfiguration section */

/* Begin XCConfigurationList section */
		1C7C65692B6AD3DE00A64EDD /* Build configuration list for PBXProject "FanZone" */ = {
			isa = XCConfigurationList;
			buildConfigurations = (
				1C7C65962B6AD3E000A64EDD /* Debug */,
				1C7C65972B6AD3E000A64EDD /* Release */,
			);
			defaultConfigurationIsVisible = 0;
			defaultConfigurationName = Release;
		};
		1C7C65982B6AD3E000A64EDD /* Build configuration list for PBXNativeTarget "FanZone" */ = {
			isa = XCConfigurationList;
			buildConfigurations = (
				1C7C65992B6AD3E000A64EDD /* Debug */,
				1C7C659A2B6AD3E000A64EDD /* Release */,
			);
			defaultConfigurationIsVisible = 0;
			defaultConfigurationName = Release;
		};
		1C7C659B2B6AD3E000A64EDD /* Build configuration list for PBXNativeTarget "FanZoneTests" */ = {
			isa = XCConfigurationList;
			buildConfigurations = (
				1C7C659C2B6AD3E000A64EDD /* Debug */,
				1C7C659D2B6AD3E000A64EDD /* Release */,
			);
			defaultConfigurationIsVisible = 0;
			defaultConfigurationName = Release;
		};
		1C7C659E2B6AD3E000A64EDD /* Build configuration list for PBXNativeTarget "FanZoneUITests" */ = {
			isa = XCConfigurationList;
			buildConfigurations = (
				1C7C659F2B6AD3E000A64EDD /* Debug */,
				1C7C65A02B6AD3E000A64EDD /* Release */,
			);
			defaultConfigurationIsVisible = 0;
			defaultConfigurationName = Release;
		};
/* End XCConfigurationList section */

/* Begin XCRemoteSwiftPackageReference section */
		1C015CCC2B6CA46400988E7D /* XCRemoteSwiftPackageReference "RxSwift" */ = {
			isa = XCRemoteSwiftPackageReference;
			repositoryURL = "https://github.com/ReactiveX/RxSwift.git";
			requirement = {
				branch = main;
				kind = branch;
			};
		};
		1C6144682B734019009424EA /* XCRemoteSwiftPackageReference "SDWebImage" */ = {
			isa = XCRemoteSwiftPackageReference;
			repositoryURL = "https://github.com/SDWebImage/SDWebImage.git";
			requirement = {
				branch = master;
				kind = branch;
			};
		};
/* End XCRemoteSwiftPackageReference section */

/* Begin XCSwiftPackageProductDependency section */
		1C015CCD2B6CA46400988E7D /* RxCocoa */ = {
			isa = XCSwiftPackageProductDependency;
			package = 1C015CCC2B6CA46400988E7D /* XCRemoteSwiftPackageReference "RxSwift" */;
			productName = RxCocoa;
		};
		1C015CCF2B6CA46400988E7D /* RxRelay */ = {
			isa = XCSwiftPackageProductDependency;
			package = 1C015CCC2B6CA46400988E7D /* XCRemoteSwiftPackageReference "RxSwift" */;
			productName = RxRelay;
		};
		1C015CD12B6CA46400988E7D /* RxSwift */ = {
			isa = XCSwiftPackageProductDependency;
			package = 1C015CCC2B6CA46400988E7D /* XCRemoteSwiftPackageReference "RxSwift" */;
			productName = RxSwift;
		};
		1C6144692B734019009424EA /* SDWebImage */ = {
			isa = XCSwiftPackageProductDependency;
			package = 1C6144682B734019009424EA /* XCRemoteSwiftPackageReference "SDWebImage" */;
			productName = SDWebImage;
		};
/* End XCSwiftPackageProductDependency section */
	};
	rootObject = 1C7C65662B6AD3DE00A64EDD /* Project object */;
}
