// !$*UTF8*$!
{
	archiveVersion = 1;
	classes = {
	};
	objectVersion = 56;
	objects = {

/* Begin PBXBuildFile section */
		083AD8891DF7762D2AEE8DD3 /* Pods_FanZoneTests.framework in Frameworks */ = {isa = PBXBuildFile; fileRef = 3250A38F9D99E298DFC3E181 /* Pods_FanZoneTests.framework */; };
		1C005ECE2B83603A00CA88A5 /* ProfileVC.swift in Sources */ = {isa = PBXBuildFile; fileRef = 1C005ECD2B83603A00CA88A5 /* ProfileVC.swift */; };
		1C005ED02B83675900CA88A5 /* TabBar.swift in Sources */ = {isa = PBXBuildFile; fileRef = 1C005ECF2B83675900CA88A5 /* TabBar.swift */; };
		1C015CC72B6C9D9500988E7D /* LeagueCollectionViewCell.swift in Sources */ = {isa = PBXBuildFile; fileRef = 1C015CC52B6C9D9500988E7D /* LeagueCollectionViewCell.swift */; };
		1C015CC82B6C9D9500988E7D /* LeagueCollectionViewCell.xib in Resources */ = {isa = PBXBuildFile; fileRef = 1C015CC62B6C9D9500988E7D /* LeagueCollectionViewCell.xib */; };
		1C015CCB2B6CA35100988E7D /* ViewModel.swift in Sources */ = {isa = PBXBuildFile; fileRef = 1C015CCA2B6CA35100988E7D /* ViewModel.swift */; };
		1C015CCE2B6CA46400988E7D /* RxCocoa in Frameworks */ = {isa = PBXBuildFile; productRef = 1C015CCD2B6CA46400988E7D /* RxCocoa */; };
		1C015CD02B6CA46400988E7D /* RxRelay in Frameworks */ = {isa = PBXBuildFile; productRef = 1C015CCF2B6CA46400988E7D /* RxRelay */; };
		1C015CD22B6CA46400988E7D /* RxSwift in Frameworks */ = {isa = PBXBuildFile; productRef = 1C015CD12B6CA46400988E7D /* RxSwift */; };
		1C0C1D4C2B82874F0038DAEF /* NumberOfTicketsTableViewCell.swift in Sources */ = {isa = PBXBuildFile; fileRef = 1C0C1D4A2B82874F0038DAEF /* NumberOfTicketsTableViewCell.swift */; };
		1C0C1D4D2B82874F0038DAEF /* NumberOfTicketsTableViewCell.xib in Resources */ = {isa = PBXBuildFile; fileRef = 1C0C1D4B2B82874F0038DAEF /* NumberOfTicketsTableViewCell.xib */; };
		1C1921D92B83F82E00B6DE44 /* ContactUsVC.swift in Sources */ = {isa = PBXBuildFile; fileRef = 1C1921D72B83F82E00B6DE44 /* ContactUsVC.swift */; };
		1C1921DA2B83F82E00B6DE44 /* ContactUsVC.xib in Resources */ = {isa = PBXBuildFile; fileRef = 1C1921D82B83F82E00B6DE44 /* ContactUsVC.xib */; };
		1C1921DC2B84022900B6DE44 /* Alert.swift in Sources */ = {isa = PBXBuildFile; fileRef = 1C1921DB2B84022900B6DE44 /* Alert.swift */; };
		1C1D9B432B97B96D00A06A1E /* FirebaseAnalytics in Frameworks */ = {isa = PBXBuildFile; productRef = 1C1D9B422B97B96D00A06A1E /* FirebaseAnalytics */; };
		1C1D9B452B97B96D00A06A1E /* FirebaseAnalyticsOnDeviceConversion in Frameworks */ = {isa = PBXBuildFile; productRef = 1C1D9B442B97B96D00A06A1E /* FirebaseAnalyticsOnDeviceConversion */; };
		1C1D9B472B97B96D00A06A1E /* FirebaseAnalyticsSwift in Frameworks */ = {isa = PBXBuildFile; productRef = 1C1D9B462B97B96D00A06A1E /* FirebaseAnalyticsSwift */; };
		1C1D9B492B97B96D00A06A1E /* FirebaseAnalyticsWithoutAdIdSupport in Frameworks */ = {isa = PBXBuildFile; productRef = 1C1D9B482B97B96D00A06A1E /* FirebaseAnalyticsWithoutAdIdSupport */; };
		1C1D9B4B2B97B96D00A06A1E /* FirebaseAppCheck in Frameworks */ = {isa = PBXBuildFile; productRef = 1C1D9B4A2B97B96D00A06A1E /* FirebaseAppCheck */; };
		1C1D9B4D2B97B96D00A06A1E /* FirebaseAppDistribution-Beta in Frameworks */ = {isa = PBXBuildFile; productRef = 1C1D9B4C2B97B96D00A06A1E /* FirebaseAppDistribution-Beta */; };
		1C1D9B4F2B97B96D00A06A1E /* FirebaseAuth in Frameworks */ = {isa = PBXBuildFile; productRef = 1C1D9B4E2B97B96D00A06A1E /* FirebaseAuth */; };
		1C1D9B512B97B96D00A06A1E /* FirebaseAuthCombine-Community in Frameworks */ = {isa = PBXBuildFile; productRef = 1C1D9B502B97B96D00A06A1E /* FirebaseAuthCombine-Community */; };
		1C1D9B532B97B96D00A06A1E /* FirebaseCrashlytics in Frameworks */ = {isa = PBXBuildFile; productRef = 1C1D9B522B97B96D00A06A1E /* FirebaseCrashlytics */; };
		1C1D9B552B97B96D00A06A1E /* FirebaseDatabase in Frameworks */ = {isa = PBXBuildFile; productRef = 1C1D9B542B97B96D00A06A1E /* FirebaseDatabase */; };
		1C1D9B572B97B96D00A06A1E /* FirebaseDatabaseSwift in Frameworks */ = {isa = PBXBuildFile; productRef = 1C1D9B562B97B96D00A06A1E /* FirebaseDatabaseSwift */; };
		1C1D9B592B97B96D00A06A1E /* FirebaseDynamicLinks in Frameworks */ = {isa = PBXBuildFile; productRef = 1C1D9B582B97B96D00A06A1E /* FirebaseDynamicLinks */; };
		1C1D9B5B2B97B96D00A06A1E /* FirebaseFirestore in Frameworks */ = {isa = PBXBuildFile; productRef = 1C1D9B5A2B97B96D00A06A1E /* FirebaseFirestore */; };
		1C1D9B5D2B97B96D00A06A1E /* FirebaseFirestoreCombine-Community in Frameworks */ = {isa = PBXBuildFile; productRef = 1C1D9B5C2B97B96D00A06A1E /* FirebaseFirestoreCombine-Community */; };
		1C1D9B5F2B97B96D00A06A1E /* FirebaseFirestoreSwift in Frameworks */ = {isa = PBXBuildFile; productRef = 1C1D9B5E2B97B96D00A06A1E /* FirebaseFirestoreSwift */; };
		1C1D9B612B97B96D00A06A1E /* FirebaseFunctions in Frameworks */ = {isa = PBXBuildFile; productRef = 1C1D9B602B97B96D00A06A1E /* FirebaseFunctions */; };
		1C1D9B632B97B96D00A06A1E /* FirebaseFunctionsCombine-Community in Frameworks */ = {isa = PBXBuildFile; productRef = 1C1D9B622B97B96D00A06A1E /* FirebaseFunctionsCombine-Community */; };
		1C1D9B652B97B96D00A06A1E /* FirebaseInAppMessaging-Beta in Frameworks */ = {isa = PBXBuildFile; productRef = 1C1D9B642B97B96D00A06A1E /* FirebaseInAppMessaging-Beta */; };
		1C1D9B672B97B96D00A06A1E /* FirebaseInAppMessagingSwift-Beta in Frameworks */ = {isa = PBXBuildFile; productRef = 1C1D9B662B97B96D00A06A1E /* FirebaseInAppMessagingSwift-Beta */; };
		1C1D9B692B97B96D00A06A1E /* FirebaseInstallations in Frameworks */ = {isa = PBXBuildFile; productRef = 1C1D9B682B97B96D00A06A1E /* FirebaseInstallations */; };
		1C1D9B6B2B97B96D00A06A1E /* FirebaseMLModelDownloader in Frameworks */ = {isa = PBXBuildFile; productRef = 1C1D9B6A2B97B96D00A06A1E /* FirebaseMLModelDownloader */; };
		1C1D9B6D2B97B96D00A06A1E /* FirebaseMessaging in Frameworks */ = {isa = PBXBuildFile; productRef = 1C1D9B6C2B97B96D00A06A1E /* FirebaseMessaging */; };
		1C1D9B6F2B97B96D00A06A1E /* FirebasePerformance in Frameworks */ = {isa = PBXBuildFile; productRef = 1C1D9B6E2B97B96D00A06A1E /* FirebasePerformance */; };
		1C1D9B712B97B96D00A06A1E /* FirebaseRemoteConfig in Frameworks */ = {isa = PBXBuildFile; productRef = 1C1D9B702B97B96D00A06A1E /* FirebaseRemoteConfig */; };
		1C1D9B732B97B96D00A06A1E /* FirebaseRemoteConfigSwift in Frameworks */ = {isa = PBXBuildFile; productRef = 1C1D9B722B97B96D00A06A1E /* FirebaseRemoteConfigSwift */; };
		1C1D9B752B97B96D00A06A1E /* FirebaseStorage in Frameworks */ = {isa = PBXBuildFile; productRef = 1C1D9B742B97B96D00A06A1E /* FirebaseStorage */; };
		1C1D9B772B97B96D00A06A1E /* FirebaseStorageCombine-Community in Frameworks */ = {isa = PBXBuildFile; productRef = 1C1D9B762B97B96D00A06A1E /* FirebaseStorageCombine-Community */; };
		1C1D9B7B2B97BB5800A06A1E /* GoogleService-Info.plist in Resources */ = {isa = PBXBuildFile; fileRef = 1C1D9B7A2B97BB5800A06A1E /* GoogleService-Info.plist */; };
		1C20DA802B7DA64100936E0E /* DepartmnetSelectionTableViewCell.swift in Sources */ = {isa = PBXBuildFile; fileRef = 1C20DA7E2B7DA64100936E0E /* DepartmnetSelectionTableViewCell.swift */; };
		1C20DA812B7DA64100936E0E /* DepartmnetSelectionTableViewCell.xib in Resources */ = {isa = PBXBuildFile; fileRef = 1C20DA7F2B7DA64100936E0E /* DepartmnetSelectionTableViewCell.xib */; };
		1C20DA852B7DABFD00936E0E /* CategorySelectionTableViewCell.swift in Sources */ = {isa = PBXBuildFile; fileRef = 1C20DA832B7DABFD00936E0E /* CategorySelectionTableViewCell.swift */; };
		1C20DA862B7DABFD00936E0E /* CategorySelectionTableViewCell.xib in Resources */ = {isa = PBXBuildFile; fileRef = 1C20DA842B7DABFD00936E0E /* CategorySelectionTableViewCell.xib */; };
		1C20DA892B7DB46F00936E0E /* Differentiator in Frameworks */ = {isa = PBXBuildFile; productRef = 1C20DA882B7DB46F00936E0E /* Differentiator */; };
		1C20DA8B2B7DB46F00936E0E /* RxDataSources in Frameworks */ = {isa = PBXBuildFile; productRef = 1C20DA8A2B7DB46F00936E0E /* RxDataSources */; };
		1C32CFE62B98DF2E00815AED /* MatchTicketsVC.swift in Sources */ = {isa = PBXBuildFile; fileRef = 1C32CFE42B98DF2E00815AED /* MatchTicketsVC.swift */; };
		1C32CFE72B98DF2E00815AED /* MatchTicketsVC.xib in Resources */ = {isa = PBXBuildFile; fileRef = 1C32CFE52B98DF2E00815AED /* MatchTicketsVC.xib */; };
		1C336E7F2B98E05D00BE4D1E /* MatchTicketsTableViewCell.swift in Sources */ = {isa = PBXBuildFile; fileRef = 1C336E7D2B98E05D00BE4D1E /* MatchTicketsTableViewCell.swift */; };
		1C336E802B98E05D00BE4D1E /* MatchTicketsTableViewCell.xib in Resources */ = {isa = PBXBuildFile; fileRef = 1C336E7E2B98E05D00BE4D1E /* MatchTicketsTableViewCell.xib */; };
		1C336E822B98FE9200BE4D1E /* MatchTicketsModel.swift in Sources */ = {isa = PBXBuildFile; fileRef = 1C336E812B98FE9200BE4D1E /* MatchTicketsModel.swift */; };
		1C35C3962BA243D200BC4E06 /* MatchTicketDetailsVC.swift in Sources */ = {isa = PBXBuildFile; fileRef = 1C35C3942BA243D200BC4E06 /* MatchTicketDetailsVC.swift */; };
		1C35C3972BA243D200BC4E06 /* MatchTicketDetailsVC.xib in Resources */ = {isa = PBXBuildFile; fileRef = 1C35C3952BA243D200BC4E06 /* MatchTicketDetailsVC.xib */; };
		1C38C08B2B747FAB00D67603 /* NewsTableViewCell.swift in Sources */ = {isa = PBXBuildFile; fileRef = 1C38C0892B747FAB00D67603 /* NewsTableViewCell.swift */; };
		1C38C08C2B747FAB00D67603 /* NewsTableViewCell.xib in Resources */ = {isa = PBXBuildFile; fileRef = 1C38C08A2B747FAB00D67603 /* NewsTableViewCell.xib */; };
		1C4968482B86B50700168784 /* BusTicketsVC.swift in Sources */ = {isa = PBXBuildFile; fileRef = 1C4968472B86B50700168784 /* BusTicketsVC.swift */; };
		1C5D3BF32B7C699500623370 /* BookingVC.swift in Sources */ = {isa = PBXBuildFile; fileRef = 1C5D3BF22B7C699500623370 /* BookingVC.swift */; };
		1C606A5A2B817BFB00CD0259 /* cellData.swift in Sources */ = {isa = PBXBuildFile; fileRef = 1C606A592B817BFB00CD0259 /* cellData.swift */; };
		1C606A5D2B81814A00CD0259 /* iOSDropDown in Frameworks */ = {isa = PBXBuildFile; productRef = 1C606A5C2B81814A00CD0259 /* iOSDropDown */; };
		1C6144622B7318F4009424EA /* TrendingCollectionViewCell.swift in Sources */ = {isa = PBXBuildFile; fileRef = 1C6144602B7318F4009424EA /* TrendingCollectionViewCell.swift */; };
		1C6144632B7318F4009424EA /* TrendingCollectionViewCell.xib in Resources */ = {isa = PBXBuildFile; fileRef = 1C6144612B7318F4009424EA /* TrendingCollectionViewCell.xib */; };
		1C6144652B7336DE009424EA /* TrendingNewsModel.swift in Sources */ = {isa = PBXBuildFile; fileRef = 1C6144642B7336DE009424EA /* TrendingNewsModel.swift */; };
		1C61446A2B734019009424EA /* SDWebImage in Frameworks */ = {isa = PBXBuildFile; productRef = 1C6144692B734019009424EA /* SDWebImage */; };
		1C61741A2B6D601B00F3E8AB /* PopularCollectionViewCell.swift in Sources */ = {isa = PBXBuildFile; fileRef = 1C6174182B6D601B00F3E8AB /* PopularCollectionViewCell.swift */; };
		1C61741B2B6D601B00F3E8AB /* PopularCollectionViewCell.xib in Resources */ = {isa = PBXBuildFile; fileRef = 1C6174192B6D601B00F3E8AB /* PopularCollectionViewCell.xib */; };
		1C7C65722B6AD3DE00A64EDD /* AppDelegate.swift in Sources */ = {isa = PBXBuildFile; fileRef = 1C7C65712B6AD3DE00A64EDD /* AppDelegate.swift */; };
		1C7C65742B6AD3DE00A64EDD /* SceneDelegate.swift in Sources */ = {isa = PBXBuildFile; fileRef = 1C7C65732B6AD3DE00A64EDD /* SceneDelegate.swift */; };
		1C7C65762B6AD3DE00A64EDD /* HomeVC.swift in Sources */ = {isa = PBXBuildFile; fileRef = 1C7C65752B6AD3DE00A64EDD /* HomeVC.swift */; };
		1C7C65792B6AD3DE00A64EDD /* Main.storyboard in Resources */ = {isa = PBXBuildFile; fileRef = 1C7C65772B6AD3DE00A64EDD /* Main.storyboard */; };
		1C7C657B2B6AD3E000A64EDD /* Assets.xcassets in Resources */ = {isa = PBXBuildFile; fileRef = 1C7C657A2B6AD3E000A64EDD /* Assets.xcassets */; };
		1C7C657E2B6AD3E000A64EDD /* LaunchScreen.storyboard in Resources */ = {isa = PBXBuildFile; fileRef = 1C7C657C2B6AD3E000A64EDD /* LaunchScreen.storyboard */; };
		1C7C65892B6AD3E000A64EDD /* FanZoneTests.swift in Sources */ = {isa = PBXBuildFile; fileRef = 1C7C65882B6AD3E000A64EDD /* FanZoneTests.swift */; };
		1C7C65932B6AD3E000A64EDD /* FanZoneUITests.swift in Sources */ = {isa = PBXBuildFile; fileRef = 1C7C65922B6AD3E000A64EDD /* FanZoneUITests.swift */; };
		1C7C65952B6AD3E000A64EDD /* FanZoneUITestsLaunchTests.swift in Sources */ = {isa = PBXBuildFile; fileRef = 1C7C65942B6AD3E000A64EDD /* FanZoneUITestsLaunchTests.swift */; };
		1C7C65A72B6C36C300A64EDD /* NavBar.swift in Sources */ = {isa = PBXBuildFile; fileRef = 1C7C65A62B6C36C300A64EDD /* NavBar.swift */; };
		1C7C65A92B6C38C200A64EDD /* NewsVC.swift in Sources */ = {isa = PBXBuildFile; fileRef = 1C7C65A82B6C38C200A64EDD /* NewsVC.swift */; };
		1C7C65AB2B6C38D900A64EDD /* HighlightsVC.swift in Sources */ = {isa = PBXBuildFile; fileRef = 1C7C65AA2B6C38D900A64EDD /* HighlightsVC.swift */; };
		1C7C65AD2B6C38EA00A64EDD /* SignInVC.swift in Sources */ = {isa = PBXBuildFile; fileRef = 1C7C65AC2B6C38EA00A64EDD /* SignInVC.swift */; };
		1C7CBC422B878E4C008AF14C /* TripsVC.swift in Sources */ = {isa = PBXBuildFile; fileRef = 1C7CBC402B878E4C008AF14C /* TripsVC.swift */; };
		1C7CBC432B878E4C008AF14C /* TripsVC.xib in Resources */ = {isa = PBXBuildFile; fileRef = 1C7CBC412B878E4C008AF14C /* TripsVC.xib */; };
		1C7D573B2B975B9C00AA6618 /* StepOneVC.swift in Sources */ = {isa = PBXBuildFile; fileRef = 1C7D57392B975B9C00AA6618 /* StepOneVC.swift */; };
		1C7D573C2B975B9C00AA6618 /* StepOneVC.xib in Resources */ = {isa = PBXBuildFile; fileRef = 1C7D573A2B975B9C00AA6618 /* StepOneVC.xib */; };
		1C7D573F2B975BAF00AA6618 /* StepTwoVC.swift in Sources */ = {isa = PBXBuildFile; fileRef = 1C7D573D2B975BAF00AA6618 /* StepTwoVC.swift */; };
		1C7D57402B975BAF00AA6618 /* StepTwoVC.xib in Resources */ = {isa = PBXBuildFile; fileRef = 1C7D573E2B975BAF00AA6618 /* StepTwoVC.xib */; };
		1C7D57432B975BBF00AA6618 /* StepThreeVC.swift in Sources */ = {isa = PBXBuildFile; fileRef = 1C7D57412B975BBF00AA6618 /* StepThreeVC.swift */; };
		1C7D57442B975BBF00AA6618 /* StepThreeVC.xib in Resources */ = {isa = PBXBuildFile; fileRef = 1C7D57422B975BBF00AA6618 /* StepThreeVC.xib */; };
		1C7D574A2B97848700AA6618 /* RegisterationDoneVC.swift in Sources */ = {isa = PBXBuildFile; fileRef = 1C7D57482B97848700AA6618 /* RegisterationDoneVC.swift */; };
		1C7D574B2B97848700AA6618 /* RegisterationDoneVC.xib in Resources */ = {isa = PBXBuildFile; fileRef = 1C7D57492B97848700AA6618 /* RegisterationDoneVC.xib */; };
		1C8C30C62B97AC5C00D9E08D /* Animation - 1709667478219.json in Resources */ = {isa = PBXBuildFile; fileRef = 1C8C30C52B97AC5C00D9E08D /* Animation - 1709667478219.json */; };
		1C8C30C82B97B17B00D9E08D /* congrats.json in Resources */ = {isa = PBXBuildFile; fileRef = 1C8C30C72B97B17B00D9E08D /* congrats.json */; };
		1CABEADC2B8B299B001DB682 /* FamilyMembersVC.swift in Sources */ = {isa = PBXBuildFile; fileRef = 1CABEADA2B8B299B001DB682 /* FamilyMembersVC.swift */; };
		1CABEADD2B8B299B001DB682 /* FamilyMembersVC.xib in Resources */ = {isa = PBXBuildFile; fileRef = 1CABEADB2B8B299B001DB682 /* FamilyMembersVC.xib */; };
		1CABEAE02B8B2B85001DB682 /* FamilyMembersTableViewCell.swift in Sources */ = {isa = PBXBuildFile; fileRef = 1CABEADE2B8B2B85001DB682 /* FamilyMembersTableViewCell.swift */; };
		1CABEAE12B8B2B85001DB682 /* FamilyMembersTableViewCell.xib in Resources */ = {isa = PBXBuildFile; fileRef = 1CABEADF2B8B2B85001DB682 /* FamilyMembersTableViewCell.xib */; };
		1CABEAE42B8B41E5001DB682 /* AddMemberVC.swift in Sources */ = {isa = PBXBuildFile; fileRef = 1CABEAE22B8B41E5001DB682 /* AddMemberVC.swift */; };
		1CABEAE52B8B41E5001DB682 /* AddMemberVC.xib in Resources */ = {isa = PBXBuildFile; fileRef = 1CABEAE32B8B41E5001DB682 /* AddMemberVC.xib */; };
		1CAE5B7A2B707DEC008431D0 /* Constants.swift in Sources */ = {isa = PBXBuildFile; fileRef = 1CAE5B792B707DEC008431D0 /* Constants.swift */; };
		1CAE5B7C2B707F03008431D0 /* ApiManager.swift in Sources */ = {isa = PBXBuildFile; fileRef = 1CAE5B7B2B707F03008431D0 /* ApiManager.swift */; };
		1CAE5B7E2B708018008431D0 /* UpcomingFixeturesModel.swift in Sources */ = {isa = PBXBuildFile; fileRef = 1CAE5B7D2B708018008431D0 /* UpcomingFixeturesModel.swift */; };
		1CC22DCC2B6EBED200704EA8 /* UpcomingMatchesTableViewCell.swift in Sources */ = {isa = PBXBuildFile; fileRef = 1CC22DCA2B6EBED200704EA8 /* UpcomingMatchesTableViewCell.swift */; };
		1CC22DCD2B6EBED200704EA8 /* UpcomingMatchesTableViewCell.xib in Resources */ = {isa = PBXBuildFile; fileRef = 1CC22DCB2B6EBED200704EA8 /* UpcomingMatchesTableViewCell.xib */; };
		1CC2F38A2B7EB8E4006FFB77 /* RadioButton.swift in Sources */ = {isa = PBXBuildFile; fileRef = 1CC2F3892B7EB8E4006FFB77 /* RadioButton.swift */; };
		1CCBA4C12B76B9EA0079C049 /* HighlightsTableViewCell.swift in Sources */ = {isa = PBXBuildFile; fileRef = 1CCBA4BF2B76B9EA0079C049 /* HighlightsTableViewCell.swift */; };
		1CCBA4C22B76B9EA0079C049 /* HighlightsTableViewCell.xib in Resources */ = {isa = PBXBuildFile; fileRef = 1CCBA4C02B76B9EA0079C049 /* HighlightsTableViewCell.xib */; };
		1CCBA4C52B76C0AA0079C049 /* HighlightsModel.swift in Sources */ = {isa = PBXBuildFile; fileRef = 1CCBA4C42B76C0AA0079C049 /* HighlightsModel.swift */; };
		1CCBA4C72B76C9B00079C049 /* VideoWebViewVC.swift in Sources */ = {isa = PBXBuildFile; fileRef = 1CCBA4C62B76C9B00079C049 /* VideoWebViewVC.swift */; };
		1CD593AE2B8D259200710333 /* PaymentMethodVC.swift in Sources */ = {isa = PBXBuildFile; fileRef = 1CD593AC2B8D259200710333 /* PaymentMethodVC.swift */; };
		1CD593AF2B8D259200710333 /* PaymentMethodVC.xib in Resources */ = {isa = PBXBuildFile; fileRef = 1CD593AD2B8D259200710333 /* PaymentMethodVC.xib */; };
		1CE120DC2B8796D100DA7CDC /* AvailableTrips.swift in Sources */ = {isa = PBXBuildFile; fileRef = 1CE120DA2B8796D100DA7CDC /* AvailableTrips.swift */; };
		1CE120DD2B8796D100DA7CDC /* AvailableTrips.xib in Resources */ = {isa = PBXBuildFile; fileRef = 1CE120DB2B8796D100DA7CDC /* AvailableTrips.xib */; };
		1CE729AA2B88C05600F970DF /* TripDetailsVC.swift in Sources */ = {isa = PBXBuildFile; fileRef = 1CE729A82B88C05600F970DF /* TripDetailsVC.swift */; };
		1CE729AB2B88C05600F970DF /* TripDetailsVC.xib in Resources */ = {isa = PBXBuildFile; fileRef = 1CE729A92B88C05600F970DF /* TripDetailsVC.xib */; };
		1CE96B042B9E577C004199E6 /* MatchTicketsManager.swift in Sources */ = {isa = PBXBuildFile; fileRef = 1CE96B032B9E577C004199E6 /* MatchTicketsManager.swift */; };
		1CEA48212B771AC6002873AC /* FixturesVC.swift in Sources */ = {isa = PBXBuildFile; fileRef = 1CEA48202B771AC6002873AC /* FixturesVC.swift */; };
		1CEDD9862B86458600267FAC /* BookBusVC.swift in Sources */ = {isa = PBXBuildFile; fileRef = 1CEDD9842B86458600267FAC /* BookBusVC.swift */; };
		1CEDD9872B86458600267FAC /* BookBusVC.xib in Resources */ = {isa = PBXBuildFile; fileRef = 1CEDD9852B86458600267FAC /* BookBusVC.xib */; };
		1CEF7C432B75CD7A00A9B824 /* NewsModel.swift in Sources */ = {isa = PBXBuildFile; fileRef = 1CEF7C422B75CD7A00A9B824 /* NewsModel.swift */; };
		1CEF7C452B75D8C200A9B824 /* NewsWebVC.swift in Sources */ = {isa = PBXBuildFile; fileRef = 1CEF7C442B75D8C200A9B824 /* NewsWebVC.swift */; };
		48BFF7AACE64926ED10CA2C0 /* Pods_FanZone.framework in Frameworks */ = {isa = PBXBuildFile; fileRef = 37A14B6B10CCBE02FD636D77 /* Pods_FanZone.framework */; };
		58FC1C1CD840E2A37924C5C7 /* Pods_FanZone_FanZoneUITests.framework in Frameworks */ = {isa = PBXBuildFile; fileRef = CB4E4EEC42B525AEFC5B10C5 /* Pods_FanZone_FanZoneUITests.framework */; };
/* End PBXBuildFile section */

/* Begin PBXContainerItemProxy section */
		1C7C65852B6AD3E000A64EDD /* PBXContainerItemProxy */ = {
			isa = PBXContainerItemProxy;
			containerPortal = 1C7C65662B6AD3DE00A64EDD /* Project object */;
			proxyType = 1;
			remoteGlobalIDString = 1C7C656D2B6AD3DE00A64EDD;
			remoteInfo = FanZone;
		};
		1C7C658F2B6AD3E000A64EDD /* PBXContainerItemProxy */ = {
			isa = PBXContainerItemProxy;
			containerPortal = 1C7C65662B6AD3DE00A64EDD /* Project object */;
			proxyType = 1;
			remoteGlobalIDString = 1C7C656D2B6AD3DE00A64EDD;
			remoteInfo = FanZone;
		};
/* End PBXContainerItemProxy section */

/* Begin PBXFileReference section */
		1C005ECD2B83603A00CA88A5 /* ProfileVC.swift */ = {isa = PBXFileReference; lastKnownFileType = sourcecode.swift; path = ProfileVC.swift; sourceTree = "<group>"; };
		1C005ECF2B83675900CA88A5 /* TabBar.swift */ = {isa = PBXFileReference; lastKnownFileType = sourcecode.swift; path = TabBar.swift; sourceTree = "<group>"; };
		1C015CC52B6C9D9500988E7D /* LeagueCollectionViewCell.swift */ = {isa = PBXFileReference; lastKnownFileType = sourcecode.swift; path = LeagueCollectionViewCell.swift; sourceTree = "<group>"; };
		1C015CC62B6C9D9500988E7D /* LeagueCollectionViewCell.xib */ = {isa = PBXFileReference; lastKnownFileType = file.xib; path = LeagueCollectionViewCell.xib; sourceTree = "<group>"; };
		1C015CCA2B6CA35100988E7D /* ViewModel.swift */ = {isa = PBXFileReference; lastKnownFileType = sourcecode.swift; path = ViewModel.swift; sourceTree = "<group>"; };
		1C0C1D4A2B82874F0038DAEF /* NumberOfTicketsTableViewCell.swift */ = {isa = PBXFileReference; lastKnownFileType = sourcecode.swift; path = NumberOfTicketsTableViewCell.swift; sourceTree = "<group>"; };
		1C0C1D4B2B82874F0038DAEF /* NumberOfTicketsTableViewCell.xib */ = {isa = PBXFileReference; lastKnownFileType = file.xib; path = NumberOfTicketsTableViewCell.xib; sourceTree = "<group>"; };
		1C1921D72B83F82E00B6DE44 /* ContactUsVC.swift */ = {isa = PBXFileReference; lastKnownFileType = sourcecode.swift; path = ContactUsVC.swift; sourceTree = "<group>"; };
		1C1921D82B83F82E00B6DE44 /* ContactUsVC.xib */ = {isa = PBXFileReference; lastKnownFileType = file.xib; path = ContactUsVC.xib; sourceTree = "<group>"; };
		1C1921DB2B84022900B6DE44 /* Alert.swift */ = {isa = PBXFileReference; lastKnownFileType = sourcecode.swift; path = Alert.swift; sourceTree = "<group>"; };
		1C1D9B7A2B97BB5800A06A1E /* GoogleService-Info.plist */ = {isa = PBXFileReference; fileEncoding = 4; lastKnownFileType = text.plist.xml; path = "GoogleService-Info.plist"; sourceTree = "<group>"; };
		1C20DA7E2B7DA64100936E0E /* DepartmnetSelectionTableViewCell.swift */ = {isa = PBXFileReference; lastKnownFileType = sourcecode.swift; path = DepartmnetSelectionTableViewCell.swift; sourceTree = "<group>"; };
		1C20DA7F2B7DA64100936E0E /* DepartmnetSelectionTableViewCell.xib */ = {isa = PBXFileReference; lastKnownFileType = file.xib; path = DepartmnetSelectionTableViewCell.xib; sourceTree = "<group>"; };
		1C20DA832B7DABFD00936E0E /* CategorySelectionTableViewCell.swift */ = {isa = PBXFileReference; lastKnownFileType = sourcecode.swift; path = CategorySelectionTableViewCell.swift; sourceTree = "<group>"; };
		1C20DA842B7DABFD00936E0E /* CategorySelectionTableViewCell.xib */ = {isa = PBXFileReference; lastKnownFileType = file.xib; path = CategorySelectionTableViewCell.xib; sourceTree = "<group>"; };
		1C32CFE42B98DF2E00815AED /* MatchTicketsVC.swift */ = {isa = PBXFileReference; lastKnownFileType = sourcecode.swift; path = MatchTicketsVC.swift; sourceTree = "<group>"; };
		1C32CFE52B98DF2E00815AED /* MatchTicketsVC.xib */ = {isa = PBXFileReference; lastKnownFileType = file.xib; path = MatchTicketsVC.xib; sourceTree = "<group>"; };
		1C336E7D2B98E05D00BE4D1E /* MatchTicketsTableViewCell.swift */ = {isa = PBXFileReference; lastKnownFileType = sourcecode.swift; path = MatchTicketsTableViewCell.swift; sourceTree = "<group>"; };
		1C336E7E2B98E05D00BE4D1E /* MatchTicketsTableViewCell.xib */ = {isa = PBXFileReference; lastKnownFileType = file.xib; path = MatchTicketsTableViewCell.xib; sourceTree = "<group>"; };
		1C336E812B98FE9200BE4D1E /* MatchTicketsModel.swift */ = {isa = PBXFileReference; lastKnownFileType = sourcecode.swift; path = MatchTicketsModel.swift; sourceTree = "<group>"; };
		1C35C3942BA243D200BC4E06 /* MatchTicketDetailsVC.swift */ = {isa = PBXFileReference; lastKnownFileType = sourcecode.swift; path = MatchTicketDetailsVC.swift; sourceTree = "<group>"; };
		1C35C3952BA243D200BC4E06 /* MatchTicketDetailsVC.xib */ = {isa = PBXFileReference; lastKnownFileType = file.xib; path = MatchTicketDetailsVC.xib; sourceTree = "<group>"; };
		1C38C0892B747FAB00D67603 /* NewsTableViewCell.swift */ = {isa = PBXFileReference; lastKnownFileType = sourcecode.swift; path = NewsTableViewCell.swift; sourceTree = "<group>"; };
		1C38C08A2B747FAB00D67603 /* NewsTableViewCell.xib */ = {isa = PBXFileReference; lastKnownFileType = file.xib; path = NewsTableViewCell.xib; sourceTree = "<group>"; };
		1C4968472B86B50700168784 /* BusTicketsVC.swift */ = {isa = PBXFileReference; lastKnownFileType = sourcecode.swift; path = BusTicketsVC.swift; sourceTree = "<group>"; };
		1C5D3BF22B7C699500623370 /* BookingVC.swift */ = {isa = PBXFileReference; lastKnownFileType = sourcecode.swift; path = BookingVC.swift; sourceTree = "<group>"; };
		1C606A592B817BFB00CD0259 /* cellData.swift */ = {isa = PBXFileReference; lastKnownFileType = sourcecode.swift; path = cellData.swift; sourceTree = "<group>"; };
		1C6144602B7318F4009424EA /* TrendingCollectionViewCell.swift */ = {isa = PBXFileReference; lastKnownFileType = sourcecode.swift; path = TrendingCollectionViewCell.swift; sourceTree = "<group>"; };
		1C6144612B7318F4009424EA /* TrendingCollectionViewCell.xib */ = {isa = PBXFileReference; lastKnownFileType = file.xib; path = TrendingCollectionViewCell.xib; sourceTree = "<group>"; };
		1C6144642B7336DE009424EA /* TrendingNewsModel.swift */ = {isa = PBXFileReference; lastKnownFileType = sourcecode.swift; path = TrendingNewsModel.swift; sourceTree = "<group>"; };
		1C6174182B6D601B00F3E8AB /* PopularCollectionViewCell.swift */ = {isa = PBXFileReference; lastKnownFileType = sourcecode.swift; path = PopularCollectionViewCell.swift; sourceTree = "<group>"; };
		1C6174192B6D601B00F3E8AB /* PopularCollectionViewCell.xib */ = {isa = PBXFileReference; lastKnownFileType = file.xib; path = PopularCollectionViewCell.xib; sourceTree = "<group>"; };
		1C7C656E2B6AD3DE00A64EDD /* FanZone.app */ = {isa = PBXFileReference; explicitFileType = wrapper.application; includeInIndex = 0; path = FanZone.app; sourceTree = BUILT_PRODUCTS_DIR; };
		1C7C65712B6AD3DE00A64EDD /* AppDelegate.swift */ = {isa = PBXFileReference; lastKnownFileType = sourcecode.swift; path = AppDelegate.swift; sourceTree = "<group>"; };
		1C7C65732B6AD3DE00A64EDD /* SceneDelegate.swift */ = {isa = PBXFileReference; lastKnownFileType = sourcecode.swift; path = SceneDelegate.swift; sourceTree = "<group>"; };
		1C7C65752B6AD3DE00A64EDD /* HomeVC.swift */ = {isa = PBXFileReference; lastKnownFileType = sourcecode.swift; path = HomeVC.swift; sourceTree = "<group>"; };
		1C7C65782B6AD3DE00A64EDD /* Base */ = {isa = PBXFileReference; lastKnownFileType = file.storyboard; name = Base; path = Base.lproj/Main.storyboard; sourceTree = "<group>"; };
		1C7C657A2B6AD3E000A64EDD /* Assets.xcassets */ = {isa = PBXFileReference; lastKnownFileType = folder.assetcatalog; path = Assets.xcassets; sourceTree = "<group>"; };
		1C7C657D2B6AD3E000A64EDD /* Base */ = {isa = PBXFileReference; lastKnownFileType = file.storyboard; name = Base; path = Base.lproj/LaunchScreen.storyboard; sourceTree = "<group>"; };
		1C7C657F2B6AD3E000A64EDD /* Info.plist */ = {isa = PBXFileReference; lastKnownFileType = text.plist.xml; path = Info.plist; sourceTree = "<group>"; };
		1C7C65842B6AD3E000A64EDD /* FanZoneTests.xctest */ = {isa = PBXFileReference; explicitFileType = wrapper.cfbundle; includeInIndex = 0; path = FanZoneTests.xctest; sourceTree = BUILT_PRODUCTS_DIR; };
		1C7C65882B6AD3E000A64EDD /* FanZoneTests.swift */ = {isa = PBXFileReference; lastKnownFileType = sourcecode.swift; path = FanZoneTests.swift; sourceTree = "<group>"; };
		1C7C658E2B6AD3E000A64EDD /* FanZoneUITests.xctest */ = {isa = PBXFileReference; explicitFileType = wrapper.cfbundle; includeInIndex = 0; path = FanZoneUITests.xctest; sourceTree = BUILT_PRODUCTS_DIR; };
		1C7C65922B6AD3E000A64EDD /* FanZoneUITests.swift */ = {isa = PBXFileReference; lastKnownFileType = sourcecode.swift; path = FanZoneUITests.swift; sourceTree = "<group>"; };
		1C7C65942B6AD3E000A64EDD /* FanZoneUITestsLaunchTests.swift */ = {isa = PBXFileReference; lastKnownFileType = sourcecode.swift; path = FanZoneUITestsLaunchTests.swift; sourceTree = "<group>"; };
		1C7C65A62B6C36C300A64EDD /* NavBar.swift */ = {isa = PBXFileReference; lastKnownFileType = sourcecode.swift; path = NavBar.swift; sourceTree = "<group>"; };
		1C7C65A82B6C38C200A64EDD /* NewsVC.swift */ = {isa = PBXFileReference; lastKnownFileType = sourcecode.swift; path = NewsVC.swift; sourceTree = "<group>"; };
		1C7C65AA2B6C38D900A64EDD /* HighlightsVC.swift */ = {isa = PBXFileReference; lastKnownFileType = sourcecode.swift; path = HighlightsVC.swift; sourceTree = "<group>"; };
		1C7C65AC2B6C38EA00A64EDD /* SignInVC.swift */ = {isa = PBXFileReference; lastKnownFileType = sourcecode.swift; path = SignInVC.swift; sourceTree = "<group>"; };
		1C7CBC402B878E4C008AF14C /* TripsVC.swift */ = {isa = PBXFileReference; lastKnownFileType = sourcecode.swift; path = TripsVC.swift; sourceTree = "<group>"; };
		1C7CBC412B878E4C008AF14C /* TripsVC.xib */ = {isa = PBXFileReference; lastKnownFileType = file.xib; path = TripsVC.xib; sourceTree = "<group>"; };
		1C7D57392B975B9C00AA6618 /* StepOneVC.swift */ = {isa = PBXFileReference; lastKnownFileType = sourcecode.swift; path = StepOneVC.swift; sourceTree = "<group>"; };
		1C7D573A2B975B9C00AA6618 /* StepOneVC.xib */ = {isa = PBXFileReference; lastKnownFileType = file.xib; path = StepOneVC.xib; sourceTree = "<group>"; };
		1C7D573D2B975BAF00AA6618 /* StepTwoVC.swift */ = {isa = PBXFileReference; lastKnownFileType = sourcecode.swift; path = StepTwoVC.swift; sourceTree = "<group>"; };
		1C7D573E2B975BAF00AA6618 /* StepTwoVC.xib */ = {isa = PBXFileReference; lastKnownFileType = file.xib; path = StepTwoVC.xib; sourceTree = "<group>"; };
		1C7D57412B975BBF00AA6618 /* StepThreeVC.swift */ = {isa = PBXFileReference; lastKnownFileType = sourcecode.swift; path = StepThreeVC.swift; sourceTree = "<group>"; };
		1C7D57422B975BBF00AA6618 /* StepThreeVC.xib */ = {isa = PBXFileReference; lastKnownFileType = file.xib; path = StepThreeVC.xib; sourceTree = "<group>"; };
		1C7D57482B97848700AA6618 /* RegisterationDoneVC.swift */ = {isa = PBXFileReference; lastKnownFileType = sourcecode.swift; path = RegisterationDoneVC.swift; sourceTree = "<group>"; };
		1C7D57492B97848700AA6618 /* RegisterationDoneVC.xib */ = {isa = PBXFileReference; lastKnownFileType = file.xib; path = RegisterationDoneVC.xib; sourceTree = "<group>"; };
		1C8C30C52B97AC5C00D9E08D /* Animation - 1709667478219.json */ = {isa = PBXFileReference; fileEncoding = 4; lastKnownFileType = text.json; path = "Animation - 1709667478219.json"; sourceTree = "<group>"; };
		1C8C30C72B97B17B00D9E08D /* congrats.json */ = {isa = PBXFileReference; fileEncoding = 4; lastKnownFileType = text.json; path = congrats.json; sourceTree = "<group>"; };
		1CABEADA2B8B299B001DB682 /* FamilyMembersVC.swift */ = {isa = PBXFileReference; lastKnownFileType = sourcecode.swift; path = FamilyMembersVC.swift; sourceTree = "<group>"; };
		1CABEADB2B8B299B001DB682 /* FamilyMembersVC.xib */ = {isa = PBXFileReference; lastKnownFileType = file.xib; path = FamilyMembersVC.xib; sourceTree = "<group>"; };
		1CABEADE2B8B2B85001DB682 /* FamilyMembersTableViewCell.swift */ = {isa = PBXFileReference; lastKnownFileType = sourcecode.swift; path = FamilyMembersTableViewCell.swift; sourceTree = "<group>"; };
		1CABEADF2B8B2B85001DB682 /* FamilyMembersTableViewCell.xib */ = {isa = PBXFileReference; lastKnownFileType = file.xib; path = FamilyMembersTableViewCell.xib; sourceTree = "<group>"; };
		1CABEAE22B8B41E5001DB682 /* AddMemberVC.swift */ = {isa = PBXFileReference; lastKnownFileType = sourcecode.swift; path = AddMemberVC.swift; sourceTree = "<group>"; };
		1CABEAE32B8B41E5001DB682 /* AddMemberVC.xib */ = {isa = PBXFileReference; lastKnownFileType = file.xib; path = AddMemberVC.xib; sourceTree = "<group>"; };
		1CAE5B792B707DEC008431D0 /* Constants.swift */ = {isa = PBXFileReference; lastKnownFileType = sourcecode.swift; path = Constants.swift; sourceTree = "<group>"; };
		1CAE5B7B2B707F03008431D0 /* ApiManager.swift */ = {isa = PBXFileReference; lastKnownFileType = sourcecode.swift; path = ApiManager.swift; sourceTree = "<group>"; };
		1CAE5B7D2B708018008431D0 /* UpcomingFixeturesModel.swift */ = {isa = PBXFileReference; lastKnownFileType = sourcecode.swift; path = UpcomingFixeturesModel.swift; sourceTree = "<group>"; };
		1CC22DCA2B6EBED200704EA8 /* UpcomingMatchesTableViewCell.swift */ = {isa = PBXFileReference; lastKnownFileType = sourcecode.swift; path = UpcomingMatchesTableViewCell.swift; sourceTree = "<group>"; };
		1CC22DCB2B6EBED200704EA8 /* UpcomingMatchesTableViewCell.xib */ = {isa = PBXFileReference; lastKnownFileType = file.xib; path = UpcomingMatchesTableViewCell.xib; sourceTree = "<group>"; };
		1CC2F3892B7EB8E4006FFB77 /* RadioButton.swift */ = {isa = PBXFileReference; lastKnownFileType = sourcecode.swift; path = RadioButton.swift; sourceTree = "<group>"; };
		1CCBA4BF2B76B9EA0079C049 /* HighlightsTableViewCell.swift */ = {isa = PBXFileReference; lastKnownFileType = sourcecode.swift; path = HighlightsTableViewCell.swift; sourceTree = "<group>"; };
		1CCBA4C02B76B9EA0079C049 /* HighlightsTableViewCell.xib */ = {isa = PBXFileReference; lastKnownFileType = file.xib; path = HighlightsTableViewCell.xib; sourceTree = "<group>"; };
		1CCBA4C42B76C0AA0079C049 /* HighlightsModel.swift */ = {isa = PBXFileReference; lastKnownFileType = sourcecode.swift; path = HighlightsModel.swift; sourceTree = "<group>"; };
		1CCBA4C62B76C9B00079C049 /* VideoWebViewVC.swift */ = {isa = PBXFileReference; lastKnownFileType = sourcecode.swift; path = VideoWebViewVC.swift; sourceTree = "<group>"; };
		1CD593AC2B8D259200710333 /* PaymentMethodVC.swift */ = {isa = PBXFileReference; lastKnownFileType = sourcecode.swift; path = PaymentMethodVC.swift; sourceTree = "<group>"; };
		1CD593AD2B8D259200710333 /* PaymentMethodVC.xib */ = {isa = PBXFileReference; lastKnownFileType = file.xib; path = PaymentMethodVC.xib; sourceTree = "<group>"; };
		1CE120DA2B8796D100DA7CDC /* AvailableTrips.swift */ = {isa = PBXFileReference; lastKnownFileType = sourcecode.swift; path = AvailableTrips.swift; sourceTree = "<group>"; };
		1CE120DB2B8796D100DA7CDC /* AvailableTrips.xib */ = {isa = PBXFileReference; lastKnownFileType = file.xib; path = AvailableTrips.xib; sourceTree = "<group>"; };
		1CE729A82B88C05600F970DF /* TripDetailsVC.swift */ = {isa = PBXFileReference; lastKnownFileType = sourcecode.swift; path = TripDetailsVC.swift; sourceTree = "<group>"; };
		1CE729A92B88C05600F970DF /* TripDetailsVC.xib */ = {isa = PBXFileReference; lastKnownFileType = file.xib; path = TripDetailsVC.xib; sourceTree = "<group>"; };
		1CE96B032B9E577C004199E6 /* MatchTicketsManager.swift */ = {isa = PBXFileReference; lastKnownFileType = sourcecode.swift; path = MatchTicketsManager.swift; sourceTree = "<group>"; };
		1CEA48202B771AC6002873AC /* FixturesVC.swift */ = {isa = PBXFileReference; lastKnownFileType = sourcecode.swift; path = FixturesVC.swift; sourceTree = "<group>"; };
		1CEDD9842B86458600267FAC /* BookBusVC.swift */ = {isa = PBXFileReference; lastKnownFileType = sourcecode.swift; path = BookBusVC.swift; sourceTree = "<group>"; };
		1CEDD9852B86458600267FAC /* BookBusVC.xib */ = {isa = PBXFileReference; lastKnownFileType = file.xib; path = BookBusVC.xib; sourceTree = "<group>"; };
		1CEF7C422B75CD7A00A9B824 /* NewsModel.swift */ = {isa = PBXFileReference; lastKnownFileType = sourcecode.swift; path = NewsModel.swift; sourceTree = "<group>"; };
		1CEF7C442B75D8C200A9B824 /* NewsWebVC.swift */ = {isa = PBXFileReference; lastKnownFileType = sourcecode.swift; path = NewsWebVC.swift; sourceTree = "<group>"; };
		3250A38F9D99E298DFC3E181 /* Pods_FanZoneTests.framework */ = {isa = PBXFileReference; explicitFileType = wrapper.framework; includeInIndex = 0; path = Pods_FanZoneTests.framework; sourceTree = BUILT_PRODUCTS_DIR; };
		37A14B6B10CCBE02FD636D77 /* Pods_FanZone.framework */ = {isa = PBXFileReference; explicitFileType = wrapper.framework; includeInIndex = 0; path = Pods_FanZone.framework; sourceTree = BUILT_PRODUCTS_DIR; };
		9997ED6EDF22341820170BE0 /* Pods-FanZone.release.xcconfig */ = {isa = PBXFileReference; includeInIndex = 1; lastKnownFileType = text.xcconfig; name = "Pods-FanZone.release.xcconfig"; path = "Target Support Files/Pods-FanZone/Pods-FanZone.release.xcconfig"; sourceTree = "<group>"; };
		A043908E70C0E713C63248AF /* Pods-FanZoneTests.debug.xcconfig */ = {isa = PBXFileReference; includeInIndex = 1; lastKnownFileType = text.xcconfig; name = "Pods-FanZoneTests.debug.xcconfig"; path = "Target Support Files/Pods-FanZoneTests/Pods-FanZoneTests.debug.xcconfig"; sourceTree = "<group>"; };
		AAAC2B0B58D836D5DD662249 /* Pods-FanZoneTests.release.xcconfig */ = {isa = PBXFileReference; includeInIndex = 1; lastKnownFileType = text.xcconfig; name = "Pods-FanZoneTests.release.xcconfig"; path = "Target Support Files/Pods-FanZoneTests/Pods-FanZoneTests.release.xcconfig"; sourceTree = "<group>"; };
		C2CDC8DF065BD6837128350F /* Pods-FanZone-FanZoneUITests.release.xcconfig */ = {isa = PBXFileReference; includeInIndex = 1; lastKnownFileType = text.xcconfig; name = "Pods-FanZone-FanZoneUITests.release.xcconfig"; path = "Target Support Files/Pods-FanZone-FanZoneUITests/Pods-FanZone-FanZoneUITests.release.xcconfig"; sourceTree = "<group>"; };
		CB4E4EEC42B525AEFC5B10C5 /* Pods_FanZone_FanZoneUITests.framework */ = {isa = PBXFileReference; explicitFileType = wrapper.framework; includeInIndex = 0; path = Pods_FanZone_FanZoneUITests.framework; sourceTree = BUILT_PRODUCTS_DIR; };
		D9F03DDD50544BF33E3CB92D /* Pods-FanZone-FanZoneUITests.debug.xcconfig */ = {isa = PBXFileReference; includeInIndex = 1; lastKnownFileType = text.xcconfig; name = "Pods-FanZone-FanZoneUITests.debug.xcconfig"; path = "Target Support Files/Pods-FanZone-FanZoneUITests/Pods-FanZone-FanZoneUITests.debug.xcconfig"; sourceTree = "<group>"; };
		DDB5C3FC33E2FEF132921095 /* Pods-FanZone.debug.xcconfig */ = {isa = PBXFileReference; includeInIndex = 1; lastKnownFileType = text.xcconfig; name = "Pods-FanZone.debug.xcconfig"; path = "Target Support Files/Pods-FanZone/Pods-FanZone.debug.xcconfig"; sourceTree = "<group>"; };
/* End PBXFileReference section */

/* Begin PBXFrameworksBuildPhase section */
		1C7C656B2B6AD3DE00A64EDD /* Frameworks */ = {
			isa = PBXFrameworksBuildPhase;
			buildActionMask = 2147483647;
			files = (
				1C015CD22B6CA46400988E7D /* RxSwift in Frameworks */,
				1C1D9B4F2B97B96D00A06A1E /* FirebaseAuth in Frameworks */,
				1C1D9B4B2B97B96D00A06A1E /* FirebaseAppCheck in Frameworks */,
				1C1D9B612B97B96D00A06A1E /* FirebaseFunctions in Frameworks */,
				1C015CD02B6CA46400988E7D /* RxRelay in Frameworks */,
				1C61446A2B734019009424EA /* SDWebImage in Frameworks */,
				1C1D9B5D2B97B96D00A06A1E /* FirebaseFirestoreCombine-Community in Frameworks */,
				1C1D9B472B97B96D00A06A1E /* FirebaseAnalyticsSwift in Frameworks */,
				1C1D9B552B97B96D00A06A1E /* FirebaseDatabase in Frameworks */,
				1C606A5D2B81814A00CD0259 /* iOSDropDown in Frameworks */,
				1C015CCE2B6CA46400988E7D /* RxCocoa in Frameworks */,
				1C1D9B4D2B97B96D00A06A1E /* FirebaseAppDistribution-Beta in Frameworks */,
				1C1D9B6D2B97B96D00A06A1E /* FirebaseMessaging in Frameworks */,
				1C1D9B6B2B97B96D00A06A1E /* FirebaseMLModelDownloader in Frameworks */,
				1C1D9B6F2B97B96D00A06A1E /* FirebasePerformance in Frameworks */,
				1C20DA8B2B7DB46F00936E0E /* RxDataSources in Frameworks */,
				1C1D9B652B97B96D00A06A1E /* FirebaseInAppMessaging-Beta in Frameworks */,
				1C1D9B632B97B96D00A06A1E /* FirebaseFunctionsCombine-Community in Frameworks */,
				1C1D9B692B97B96D00A06A1E /* FirebaseInstallations in Frameworks */,
				1C1D9B492B97B96D00A06A1E /* FirebaseAnalyticsWithoutAdIdSupport in Frameworks */,
				1C20DA892B7DB46F00936E0E /* Differentiator in Frameworks */,
				1C1D9B5F2B97B96D00A06A1E /* FirebaseFirestoreSwift in Frameworks */,
				1C1D9B772B97B96D00A06A1E /* FirebaseStorageCombine-Community in Frameworks */,
				1C1D9B572B97B96D00A06A1E /* FirebaseDatabaseSwift in Frameworks */,
				1C1D9B712B97B96D00A06A1E /* FirebaseRemoteConfig in Frameworks */,
				1C1D9B452B97B96D00A06A1E /* FirebaseAnalyticsOnDeviceConversion in Frameworks */,
				1C1D9B532B97B96D00A06A1E /* FirebaseCrashlytics in Frameworks */,
				48BFF7AACE64926ED10CA2C0 /* Pods_FanZone.framework in Frameworks */,
				1C1D9B732B97B96D00A06A1E /* FirebaseRemoteConfigSwift in Frameworks */,
				1C1D9B432B97B96D00A06A1E /* FirebaseAnalytics in Frameworks */,
				1C1D9B752B97B96D00A06A1E /* FirebaseStorage in Frameworks */,
				1C1D9B512B97B96D00A06A1E /* FirebaseAuthCombine-Community in Frameworks */,
				1C1D9B592B97B96D00A06A1E /* FirebaseDynamicLinks in Frameworks */,
				1C1D9B672B97B96D00A06A1E /* FirebaseInAppMessagingSwift-Beta in Frameworks */,
				1C1D9B5B2B97B96D00A06A1E /* FirebaseFirestore in Frameworks */,
			);
			runOnlyForDeploymentPostprocessing = 0;
		};
		1C7C65812B6AD3E000A64EDD /* Frameworks */ = {
			isa = PBXFrameworksBuildPhase;
			buildActionMask = 2147483647;
			files = (
				083AD8891DF7762D2AEE8DD3 /* Pods_FanZoneTests.framework in Frameworks */,
			);
			runOnlyForDeploymentPostprocessing = 0;
		};
		1C7C658B2B6AD3E000A64EDD /* Frameworks */ = {
			isa = PBXFrameworksBuildPhase;
			buildActionMask = 2147483647;
			files = (
				58FC1C1CD840E2A37924C5C7 /* Pods_FanZone_FanZoneUITests.framework in Frameworks */,
			);
			runOnlyForDeploymentPostprocessing = 0;
		};
/* End PBXFrameworksBuildPhase section */

/* Begin PBXGroup section */
		1C005ED12B83F48000CA88A5 /* ProfileVC */ = {
			isa = PBXGroup;
			children = (
				1C005ECD2B83603A00CA88A5 /* ProfileVC.swift */,
				1CDFF8EA2B877F7A0031241A /* MatchTickets */,
				1CDFF8EB2B877F8B0031241A /* Bus Tickets */,
				1CEDD9832B86456B00267FAC /* Transportation */,
				1CABEAD72B8B2924001DB682 /* FamilyManagment */,
				1C005ED62B83F4CE00CA88A5 /* ContactUs */,
			);
			path = ProfileVC;
			sourceTree = "<group>";
		};
		1C005ED62B83F4CE00CA88A5 /* ContactUs */ = {
			isa = PBXGroup;
			children = (
				1C1921D72B83F82E00B6DE44 /* ContactUsVC.swift */,
				1C1921D82B83F82E00B6DE44 /* ContactUsVC.xib */,
			);
			path = ContactUs;
			sourceTree = "<group>";
		};
		1C015CC92B6C9DAE00988E7D /* LeagueCollectionViewCell */ = {
			isa = PBXGroup;
			children = (
				1C015CC52B6C9D9500988E7D /* LeagueCollectionViewCell.swift */,
				1C015CC62B6C9D9500988E7D /* LeagueCollectionViewCell.xib */,
			);
			path = LeagueCollectionViewCell;
			sourceTree = "<group>";
		};
		1C0C1D492B82872E0038DAEF /* NumberOfTickets */ = {
			isa = PBXGroup;
			children = (
				1C0C1D4A2B82874F0038DAEF /* NumberOfTicketsTableViewCell.swift */,
				1C0C1D4B2B82874F0038DAEF /* NumberOfTicketsTableViewCell.xib */,
			);
			path = NumberOfTickets;
			sourceTree = "<group>";
		};
		1C20DA782B7DA48200936E0E /* Booking Process */ = {
			isa = PBXGroup;
			children = (
				1C5D3BF22B7C699500623370 /* BookingVC.swift */,
				1C606A592B817BFB00CD0259 /* cellData.swift */,
				1C20DA792B7DA49B00936E0E /* DepartmnetSelectionTableViewCell */,
				1C20DA822B7DABDE00936E0E /* CategorySelectionTableViewCell */,
				1C0C1D492B82872E0038DAEF /* NumberOfTickets */,
				1CD593AB2B8D257400710333 /* PaymentMethod */,
			);
			path = "Booking Process";
			sourceTree = "<group>";
		};
		1C20DA792B7DA49B00936E0E /* DepartmnetSelectionTableViewCell */ = {
			isa = PBXGroup;
			children = (
				1C20DA7E2B7DA64100936E0E /* DepartmnetSelectionTableViewCell.swift */,
				1C20DA7F2B7DA64100936E0E /* DepartmnetSelectionTableViewCell.xib */,
			);
			path = DepartmnetSelectionTableViewCell;
			sourceTree = "<group>";
		};
		1C20DA822B7DABDE00936E0E /* CategorySelectionTableViewCell */ = {
			isa = PBXGroup;
			children = (
				1C20DA832B7DABFD00936E0E /* CategorySelectionTableViewCell.swift */,
				1C20DA842B7DABFD00936E0E /* CategorySelectionTableViewCell.xib */,
			);
			path = CategorySelectionTableViewCell;
			sourceTree = "<group>";
		};
		1C35C3932BA2439C00BC4E06 /* MatchTicketDetails */ = {
			isa = PBXGroup;
			children = (
				1C35C3942BA243D200BC4E06 /* MatchTicketDetailsVC.swift */,
				1C35C3952BA243D200BC4E06 /* MatchTicketDetailsVC.xib */,
			);
			path = MatchTicketDetails;
			sourceTree = "<group>";
		};
		1C38C0882B747F8A00D67603 /* NewsTableView */ = {
			isa = PBXGroup;
			children = (
				1C38C0892B747FAB00D67603 /* NewsTableViewCell.swift */,
				1C38C08A2B747FAB00D67603 /* NewsTableViewCell.xib */,
			);
			path = NewsTableView;
			sourceTree = "<group>";
		};
		1C38C08D2B74821000D67603 /* NewsVC */ = {
			isa = PBXGroup;
			children = (
				1C7C65A82B6C38C200A64EDD /* NewsVC.swift */,
				1CEF7C442B75D8C200A9B824 /* NewsWebVC.swift */,
				1C61445F2B72D81B009424EA /* TrendingCollectionViewCell */,
				1C38C0882B747F8A00D67603 /* NewsTableView */,
			);
			path = NewsVC;
			sourceTree = "<group>";
		};
		1C61445A2B72D783009424EA /* HomeVC */ = {
			isa = PBXGroup;
			children = (
				1C7C65752B6AD3DE00A64EDD /* HomeVC.swift */,
				1CEA48202B771AC6002873AC /* FixturesVC.swift */,
				1C015CC92B6C9DAE00988E7D /* LeagueCollectionViewCell */,
				1C6174132B6D5FA300F3E8AB /* PopularCollectionViewCell */,
				1CC22DC92B6EBE4100704EA8 /* UpcomingMatchesTableView */,
			);
			path = HomeVC;
			sourceTree = "<group>";
		};
		1C61445F2B72D81B009424EA /* TrendingCollectionViewCell */ = {
			isa = PBXGroup;
			children = (
				1C6144602B7318F4009424EA /* TrendingCollectionViewCell.swift */,
				1C6144612B7318F4009424EA /* TrendingCollectionViewCell.xib */,
			);
			path = TrendingCollectionViewCell;
			sourceTree = "<group>";
		};
		1C6174132B6D5FA300F3E8AB /* PopularCollectionViewCell */ = {
			isa = PBXGroup;
			children = (
				1C6174182B6D601B00F3E8AB /* PopularCollectionViewCell.swift */,
				1C6174192B6D601B00F3E8AB /* PopularCollectionViewCell.xib */,
			);
			path = PopularCollectionViewCell;
			sourceTree = "<group>";
		};
		1C7C65652B6AD3DE00A64EDD = {
			isa = PBXGroup;
			children = (
				1C7C65702B6AD3DE00A64EDD /* FanZone */,
				1C7C65872B6AD3E000A64EDD /* FanZoneTests */,
				1C7C65912B6AD3E000A64EDD /* FanZoneUITests */,
				1C7C656F2B6AD3DE00A64EDD /* Products */,
				95BEAA3E68AC9A3A9966DE83 /* Pods */,
				C5AAA23CC544A026E01072BB /* Frameworks */,
			);
			sourceTree = "<group>";
		};
		1C7C656F2B6AD3DE00A64EDD /* Products */ = {
			isa = PBXGroup;
			children = (
				1C7C656E2B6AD3DE00A64EDD /* FanZone.app */,
				1C7C65842B6AD3E000A64EDD /* FanZoneTests.xctest */,
				1C7C658E2B6AD3E000A64EDD /* FanZoneUITests.xctest */,
			);
			name = Products;
			sourceTree = "<group>";
		};
		1C7C65702B6AD3DE00A64EDD /* FanZone */ = {
			isa = PBXGroup;
			children = (
				1C7C65A12B6C18B900A64EDD /* Model */,
				1C7C65A22B6C18C000A64EDD /* View */,
				1C7C65A32B6C18C600A64EDD /* ViewModel */,
				1C7C65A42B6C192800A64EDD /* Extensions */,
				1C7C65A52B6C193E00A64EDD /* Constants */,
				1CC2F3882B7EB8C0006FFB77 /* Custom */,
				1C7D57462B97833D00AA6618 /* Assets */,
				1C7D57452B9782F000AA6618 /* Supporting Files */,
				1C7C657F2B6AD3E000A64EDD /* Info.plist */,
				1C1D9B7A2B97BB5800A06A1E /* GoogleService-Info.plist */,
			);
			path = FanZone;
			sourceTree = "<group>";
		};
		1C7C65872B6AD3E000A64EDD /* FanZoneTests */ = {
			isa = PBXGroup;
			children = (
				1C7C65882B6AD3E000A64EDD /* FanZoneTests.swift */,
			);
			path = FanZoneTests;
			sourceTree = "<group>";
		};
		1C7C65912B6AD3E000A64EDD /* FanZoneUITests */ = {
			isa = PBXGroup;
			children = (
				1C7C65922B6AD3E000A64EDD /* FanZoneUITests.swift */,
				1C7C65942B6AD3E000A64EDD /* FanZoneUITestsLaunchTests.swift */,
			);
			path = FanZoneUITests;
			sourceTree = "<group>";
		};
		1C7C65A12B6C18B900A64EDD /* Model */ = {
			isa = PBXGroup;
			children = (
				1CAE5B7B2B707F03008431D0 /* ApiManager.swift */,
				1CAE5B7D2B708018008431D0 /* UpcomingFixeturesModel.swift */,
				1C6144642B7336DE009424EA /* TrendingNewsModel.swift */,
				1CEF7C422B75CD7A00A9B824 /* NewsModel.swift */,
				1CCBA4C42B76C0AA0079C049 /* HighlightsModel.swift */,
				1C336E812B98FE9200BE4D1E /* MatchTicketsModel.swift */,
				1CE96B032B9E577C004199E6 /* MatchTicketsManager.swift */,
			);
			path = Model;
			sourceTree = "<group>";
		};
		1C7C65A22B6C18C000A64EDD /* View */ = {
			isa = PBXGroup;
			children = (
				1C7C65772B6AD3DE00A64EDD /* Main.storyboard */,
				1C005ECF2B83675900CA88A5 /* TabBar.swift */,
				1C7C65AC2B6C38EA00A64EDD /* SignInVC.swift */,
				1C61445A2B72D783009424EA /* HomeVC */,
				1C38C08D2B74821000D67603 /* NewsVC */,
				1CCBA4BE2B76B9B20079C049 /* HighlightsVC */,
				1C005ED12B83F48000CA88A5 /* ProfileVC */,
				1C20DA782B7DA48200936E0E /* Booking Process */,
				1C7D57352B975B2F00AA6618 /* RegistrationProcess */,
			);
			path = View;
			sourceTree = "<group>";
		};
		1C7C65A32B6C18C600A64EDD /* ViewModel */ = {
			isa = PBXGroup;
			children = (
				1C015CCA2B6CA35100988E7D /* ViewModel.swift */,
			);
			path = ViewModel;
			sourceTree = "<group>";
		};
		1C7C65A42B6C192800A64EDD /* Extensions */ = {
			isa = PBXGroup;
			children = (
				1C7C65A62B6C36C300A64EDD /* NavBar.swift */,
			);
			path = Extensions;
			sourceTree = "<group>";
		};
		1C7C65A52B6C193E00A64EDD /* Constants */ = {
			isa = PBXGroup;
			children = (
				1CAE5B792B707DEC008431D0 /* Constants.swift */,
			);
			path = Constants;
			sourceTree = "<group>";
		};
		1C7CBC3D2B878DB8008AF14C /* First */ = {
			isa = PBXGroup;
			children = (
				1CEDD9842B86458600267FAC /* BookBusVC.swift */,
				1CEDD9852B86458600267FAC /* BookBusVC.xib */,
			);
			path = First;
			sourceTree = "<group>";
		};
		1C7CBC3E2B878E12008AF14C /* Second */ = {
			isa = PBXGroup;
			children = (
				1C7CBC402B878E4C008AF14C /* TripsVC.swift */,
				1C7CBC412B878E4C008AF14C /* TripsVC.xib */,
				1CE120DA2B8796D100DA7CDC /* AvailableTrips.swift */,
				1CE120DB2B8796D100DA7CDC /* AvailableTrips.xib */,
			);
			path = Second;
			sourceTree = "<group>";
		};
		1C7D57352B975B2F00AA6618 /* RegistrationProcess */ = {
			isa = PBXGroup;
			children = (
				1C7D57362B975B5600AA6618 /* Step1 */,
				1C7D57382B975B7500AA6618 /* Step2 */,
				1C7D57372B975B6900AA6618 /* Step3 */,
				1C7D57472B97844D00AA6618 /* Registration Done */,
			);
			path = RegistrationProcess;
			sourceTree = "<group>";
		};
		1C7D57362B975B5600AA6618 /* Step1 */ = {
			isa = PBXGroup;
			children = (
				1C7D57392B975B9C00AA6618 /* StepOneVC.swift */,
				1C7D573A2B975B9C00AA6618 /* StepOneVC.xib */,
			);
			path = Step1;
			sourceTree = "<group>";
		};
		1C7D57372B975B6900AA6618 /* Step3 */ = {
			isa = PBXGroup;
			children = (
				1C7D57412B975BBF00AA6618 /* StepThreeVC.swift */,
				1C7D57422B975BBF00AA6618 /* StepThreeVC.xib */,
			);
			path = Step3;
			sourceTree = "<group>";
		};
		1C7D57382B975B7500AA6618 /* Step2 */ = {
			isa = PBXGroup;
			children = (
				1C7D573D2B975BAF00AA6618 /* StepTwoVC.swift */,
				1C7D573E2B975BAF00AA6618 /* StepTwoVC.xib */,
			);
			path = Step2;
			sourceTree = "<group>";
		};
		1C7D57452B9782F000AA6618 /* Supporting Files */ = {
			isa = PBXGroup;
			children = (
				1C7C65712B6AD3DE00A64EDD /* AppDelegate.swift */,
				1C7C65732B6AD3DE00A64EDD /* SceneDelegate.swift */,
				1C7C657C2B6AD3E000A64EDD /* LaunchScreen.storyboard */,
			);
			path = "Supporting Files";
			sourceTree = "<group>";
		};
		1C7D57462B97833D00AA6618 /* Assets */ = {
			isa = PBXGroup;
			children = (
				1C7C657A2B6AD3E000A64EDD /* Assets.xcassets */,
				1C8C30C52B97AC5C00D9E08D /* Animation - 1709667478219.json */,
				1C8C30C72B97B17B00D9E08D /* congrats.json */,
			);
			path = Assets;
			sourceTree = "<group>";
		};
		1C7D57472B97844D00AA6618 /* Registration Done */ = {
			isa = PBXGroup;
			children = (
				1C7D57482B97848700AA6618 /* RegisterationDoneVC.swift */,
				1C7D57492B97848700AA6618 /* RegisterationDoneVC.xib */,
			);
			path = "Registration Done";
			sourceTree = "<group>";
		};
		1CABEAD72B8B2924001DB682 /* FamilyManagment */ = {
			isa = PBXGroup;
			children = (
				1CABEAD82B8B2947001DB682 /* FamilyMembersVC */,
				1CABEAD92B8B2955001DB682 /* AddMemberVC */,
			);
			path = FamilyManagment;
			sourceTree = "<group>";
		};
		1CABEAD82B8B2947001DB682 /* FamilyMembersVC */ = {
			isa = PBXGroup;
			children = (
				1CABEADA2B8B299B001DB682 /* FamilyMembersVC.swift */,
				1CABEADB2B8B299B001DB682 /* FamilyMembersVC.xib */,
				1CABEADE2B8B2B85001DB682 /* FamilyMembersTableViewCell.swift */,
				1CABEADF2B8B2B85001DB682 /* FamilyMembersTableViewCell.xib */,
			);
			path = FamilyMembersVC;
			sourceTree = "<group>";
		};
		1CABEAD92B8B2955001DB682 /* AddMemberVC */ = {
			isa = PBXGroup;
			children = (
				1CABEAE22B8B41E5001DB682 /* AddMemberVC.swift */,
				1CABEAE32B8B41E5001DB682 /* AddMemberVC.xib */,
			);
			path = AddMemberVC;
			sourceTree = "<group>";
		};
		1CC22DC92B6EBE4100704EA8 /* UpcomingMatchesTableView */ = {
			isa = PBXGroup;
			children = (
				1CC22DCA2B6EBED200704EA8 /* UpcomingMatchesTableViewCell.swift */,
				1CC22DCB2B6EBED200704EA8 /* UpcomingMatchesTableViewCell.xib */,
			);
			path = UpcomingMatchesTableView;
			sourceTree = "<group>";
		};
		1CC2F3882B7EB8C0006FFB77 /* Custom */ = {
			isa = PBXGroup;
			children = (
				1CC2F3892B7EB8E4006FFB77 /* RadioButton.swift */,
				1C1921DB2B84022900B6DE44 /* Alert.swift */,
			);
			path = Custom;
			sourceTree = "<group>";
		};
		1CCBA4BE2B76B9B20079C049 /* HighlightsVC */ = {
			isa = PBXGroup;
			children = (
				1C7C65AA2B6C38D900A64EDD /* HighlightsVC.swift */,
				1CCBA4C62B76C9B00079C049 /* VideoWebViewVC.swift */,
				1CCBA4C32B76B9F90079C049 /* HighlightsTableViewCell */,
			);
			path = HighlightsVC;
			sourceTree = "<group>";
		};
		1CCBA4C32B76B9F90079C049 /* HighlightsTableViewCell */ = {
			isa = PBXGroup;
			children = (
				1CCBA4BF2B76B9EA0079C049 /* HighlightsTableViewCell.swift */,
				1CCBA4C02B76B9EA0079C049 /* HighlightsTableViewCell.xib */,
			);
			path = HighlightsTableViewCell;
			sourceTree = "<group>";
		};
		1CD593AB2B8D257400710333 /* PaymentMethod */ = {
			isa = PBXGroup;
			children = (
				1CD593AC2B8D259200710333 /* PaymentMethodVC.swift */,
				1CD593AD2B8D259200710333 /* PaymentMethodVC.xib */,
			);
			path = PaymentMethod;
			sourceTree = "<group>";
		};
		1CDFF8EA2B877F7A0031241A /* MatchTickets */ = {
			isa = PBXGroup;
			children = (
				1C35C3932BA2439C00BC4E06 /* MatchTicketDetails */,
				1C32CFE42B98DF2E00815AED /* MatchTicketsVC.swift */,
				1C32CFE52B98DF2E00815AED /* MatchTicketsVC.xib */,
				1C336E7D2B98E05D00BE4D1E /* MatchTicketsTableViewCell.swift */,
				1C336E7E2B98E05D00BE4D1E /* MatchTicketsTableViewCell.xib */,
			);
			path = MatchTickets;
			sourceTree = "<group>";
		};
		1CDFF8EB2B877F8B0031241A /* Bus Tickets */ = {
			isa = PBXGroup;
			children = (
				1C4968472B86B50700168784 /* BusTicketsVC.swift */,
			);
			path = "Bus Tickets";
			sourceTree = "<group>";
		};
		1CE729A72B88C03400F970DF /* Third */ = {
			isa = PBXGroup;
			children = (
				1CE729A82B88C05600F970DF /* TripDetailsVC.swift */,
				1CE729A92B88C05600F970DF /* TripDetailsVC.xib */,
			);
			path = Third;
			sourceTree = "<group>";
		};
		1CEDD9832B86456B00267FAC /* Transportation */ = {
			isa = PBXGroup;
			children = (
				1C7CBC3D2B878DB8008AF14C /* First */,
				1C7CBC3E2B878E12008AF14C /* Second */,
				1CE729A72B88C03400F970DF /* Third */,
			);
			path = Transportation;
			sourceTree = "<group>";
		};
		95BEAA3E68AC9A3A9966DE83 /* Pods */ = {
			isa = PBXGroup;
			children = (
				DDB5C3FC33E2FEF132921095 /* Pods-FanZone.debug.xcconfig */,
				9997ED6EDF22341820170BE0 /* Pods-FanZone.release.xcconfig */,
				D9F03DDD50544BF33E3CB92D /* Pods-FanZone-FanZoneUITests.debug.xcconfig */,
				C2CDC8DF065BD6837128350F /* Pods-FanZone-FanZoneUITests.release.xcconfig */,
				A043908E70C0E713C63248AF /* Pods-FanZoneTests.debug.xcconfig */,
				AAAC2B0B58D836D5DD662249 /* Pods-FanZoneTests.release.xcconfig */,
			);
			path = Pods;
			sourceTree = "<group>";
		};
		C5AAA23CC544A026E01072BB /* Frameworks */ = {
			isa = PBXGroup;
			children = (
				37A14B6B10CCBE02FD636D77 /* Pods_FanZone.framework */,
				CB4E4EEC42B525AEFC5B10C5 /* Pods_FanZone_FanZoneUITests.framework */,
				3250A38F9D99E298DFC3E181 /* Pods_FanZoneTests.framework */,
			);
			name = Frameworks;
			sourceTree = "<group>";
		};
/* End PBXGroup section */

/* Begin PBXNativeTarget section */
		1C7C656D2B6AD3DE00A64EDD /* FanZone */ = {
			isa = PBXNativeTarget;
			buildConfigurationList = 1C7C65982B6AD3E000A64EDD /* Build configuration list for PBXNativeTarget "FanZone" */;
			buildPhases = (
				D498DC4B732453068D4EF5F2 /* [CP] Check Pods Manifest.lock */,
				1C7C656A2B6AD3DE00A64EDD /* Sources */,
				1C7C656B2B6AD3DE00A64EDD /* Frameworks */,
				1C7C656C2B6AD3DE00A64EDD /* Resources */,
				4D87D11B6A5865D61E60907D /* [CP] Embed Pods Frameworks */,
			);
			buildRules = (
			);
			dependencies = (
			);
			name = FanZone;
			packageProductDependencies = (
				1C015CCD2B6CA46400988E7D /* RxCocoa */,
				1C015CCF2B6CA46400988E7D /* RxRelay */,
				1C015CD12B6CA46400988E7D /* RxSwift */,
				1C6144692B734019009424EA /* SDWebImage */,
				1C20DA882B7DB46F00936E0E /* Differentiator */,
				1C20DA8A2B7DB46F00936E0E /* RxDataSources */,
				1C606A5C2B81814A00CD0259 /* iOSDropDown */,
				1C1D9B422B97B96D00A06A1E /* FirebaseAnalytics */,
				1C1D9B442B97B96D00A06A1E /* FirebaseAnalyticsOnDeviceConversion */,
				1C1D9B462B97B96D00A06A1E /* FirebaseAnalyticsSwift */,
				1C1D9B482B97B96D00A06A1E /* FirebaseAnalyticsWithoutAdIdSupport */,
				1C1D9B4A2B97B96D00A06A1E /* FirebaseAppCheck */,
				1C1D9B4C2B97B96D00A06A1E /* FirebaseAppDistribution-Beta */,
				1C1D9B4E2B97B96D00A06A1E /* FirebaseAuth */,
				1C1D9B502B97B96D00A06A1E /* FirebaseAuthCombine-Community */,
				1C1D9B522B97B96D00A06A1E /* FirebaseCrashlytics */,
				1C1D9B542B97B96D00A06A1E /* FirebaseDatabase */,
				1C1D9B562B97B96D00A06A1E /* FirebaseDatabaseSwift */,
				1C1D9B582B97B96D00A06A1E /* FirebaseDynamicLinks */,
				1C1D9B5A2B97B96D00A06A1E /* FirebaseFirestore */,
				1C1D9B5C2B97B96D00A06A1E /* FirebaseFirestoreCombine-Community */,
				1C1D9B5E2B97B96D00A06A1E /* FirebaseFirestoreSwift */,
				1C1D9B602B97B96D00A06A1E /* FirebaseFunctions */,
				1C1D9B622B97B96D00A06A1E /* FirebaseFunctionsCombine-Community */,
				1C1D9B642B97B96D00A06A1E /* FirebaseInAppMessaging-Beta */,
				1C1D9B662B97B96D00A06A1E /* FirebaseInAppMessagingSwift-Beta */,
				1C1D9B682B97B96D00A06A1E /* FirebaseInstallations */,
				1C1D9B6A2B97B96D00A06A1E /* FirebaseMLModelDownloader */,
				1C1D9B6C2B97B96D00A06A1E /* FirebaseMessaging */,
				1C1D9B6E2B97B96D00A06A1E /* FirebasePerformance */,
				1C1D9B702B97B96D00A06A1E /* FirebaseRemoteConfig */,
				1C1D9B722B97B96D00A06A1E /* FirebaseRemoteConfigSwift */,
				1C1D9B742B97B96D00A06A1E /* FirebaseStorage */,
				1C1D9B762B97B96D00A06A1E /* FirebaseStorageCombine-Community */,
			);
			productName = FanZone;
			productReference = 1C7C656E2B6AD3DE00A64EDD /* FanZone.app */;
			productType = "com.apple.product-type.application";
		};
		1C7C65832B6AD3E000A64EDD /* FanZoneTests */ = {
			isa = PBXNativeTarget;
			buildConfigurationList = 1C7C659B2B6AD3E000A64EDD /* Build configuration list for PBXNativeTarget "FanZoneTests" */;
			buildPhases = (
				83EBA782FF04C5E8ABA109D5 /* [CP] Check Pods Manifest.lock */,
				1C7C65802B6AD3E000A64EDD /* Sources */,
				1C7C65812B6AD3E000A64EDD /* Frameworks */,
				1C7C65822B6AD3E000A64EDD /* Resources */,
			);
			buildRules = (
			);
			dependencies = (
				1C7C65862B6AD3E000A64EDD /* PBXTargetDependency */,
			);
			name = FanZoneTests;
			productName = FanZoneTests;
			productReference = 1C7C65842B6AD3E000A64EDD /* FanZoneTests.xctest */;
			productType = "com.apple.product-type.bundle.unit-test";
		};
		1C7C658D2B6AD3E000A64EDD /* FanZoneUITests */ = {
			isa = PBXNativeTarget;
			buildConfigurationList = 1C7C659E2B6AD3E000A64EDD /* Build configuration list for PBXNativeTarget "FanZoneUITests" */;
			buildPhases = (
				D3B138110374FBC14BAD670E /* [CP] Check Pods Manifest.lock */,
				1C7C658A2B6AD3E000A64EDD /* Sources */,
				1C7C658B2B6AD3E000A64EDD /* Frameworks */,
				1C7C658C2B6AD3E000A64EDD /* Resources */,
				D4B19E3FB3207EAFB92DDC6E /* [CP] Embed Pods Frameworks */,
			);
			buildRules = (
			);
			dependencies = (
				1C7C65902B6AD3E000A64EDD /* PBXTargetDependency */,
			);
			name = FanZoneUITests;
			productName = FanZoneUITests;
			productReference = 1C7C658E2B6AD3E000A64EDD /* FanZoneUITests.xctest */;
			productType = "com.apple.product-type.bundle.ui-testing";
		};
/* End PBXNativeTarget section */

/* Begin PBXProject section */
		1C7C65662B6AD3DE00A64EDD /* Project object */ = {
			isa = PBXProject;
			attributes = {
				BuildIndependentTargetsInParallel = 1;
				LastSwiftUpdateCheck = 1420;
				LastUpgradeCheck = 1420;
				TargetAttributes = {
					1C7C656D2B6AD3DE00A64EDD = {
						CreatedOnToolsVersion = 14.2;
					};
					1C7C65832B6AD3E000A64EDD = {
						CreatedOnToolsVersion = 14.2;
						TestTargetID = 1C7C656D2B6AD3DE00A64EDD;
					};
					1C7C658D2B6AD3E000A64EDD = {
						CreatedOnToolsVersion = 14.2;
						TestTargetID = 1C7C656D2B6AD3DE00A64EDD;
					};
				};
			};
			buildConfigurationList = 1C7C65692B6AD3DE00A64EDD /* Build configuration list for PBXProject "FanZone" */;
			compatibilityVersion = "Xcode 14.0";
			developmentRegion = en;
			hasScannedForEncodings = 0;
			knownRegions = (
				en,
				Base,
			);
			mainGroup = 1C7C65652B6AD3DE00A64EDD;
			packageReferences = (
				1C015CCC2B6CA46400988E7D /* XCRemoteSwiftPackageReference "RxSwift" */,
				1C6144682B734019009424EA /* XCRemoteSwiftPackageReference "SDWebImage" */,
				1C20DA872B7DB46F00936E0E /* XCRemoteSwiftPackageReference "RxDataSources" */,
				1C606A5B2B81814900CD0259 /* XCRemoteSwiftPackageReference "iOSDropDown" */,
				1C1D9B412B97B96D00A06A1E /* XCRemoteSwiftPackageReference "firebase-ios-sdk" */,
			);
			productRefGroup = 1C7C656F2B6AD3DE00A64EDD /* Products */;
			projectDirPath = "";
			projectRoot = "";
			targets = (
				1C7C656D2B6AD3DE00A64EDD /* FanZone */,
				1C7C65832B6AD3E000A64EDD /* FanZoneTests */,
				1C7C658D2B6AD3E000A64EDD /* FanZoneUITests */,
			);
		};
/* End PBXProject section */

/* Begin PBXResourcesBuildPhase section */
		1C7C656C2B6AD3DE00A64EDD /* Resources */ = {
			isa = PBXResourcesBuildPhase;
			buildActionMask = 2147483647;
			files = (
				1C20DA812B7DA64100936E0E /* DepartmnetSelectionTableViewCell.xib in Resources */,
				1C1921DA2B83F82E00B6DE44 /* ContactUsVC.xib in Resources */,
				1C8C30C62B97AC5C00D9E08D /* Animation - 1709667478219.json in Resources */,
				1C32CFE72B98DF2E00815AED /* MatchTicketsVC.xib in Resources */,
				1CC22DCD2B6EBED200704EA8 /* UpcomingMatchesTableViewCell.xib in Resources */,
				1C8C30C82B97B17B00D9E08D /* congrats.json in Resources */,
				1C7C657E2B6AD3E000A64EDD /* LaunchScreen.storyboard in Resources */,
				1CE729AB2B88C05600F970DF /* TripDetailsVC.xib in Resources */,
				1C7D57442B975BBF00AA6618 /* StepThreeVC.xib in Resources */,
				1CEDD9872B86458600267FAC /* BookBusVC.xib in Resources */,
				1CABEAE52B8B41E5001DB682 /* AddMemberVC.xib in Resources */,
				1C35C3972BA243D200BC4E06 /* MatchTicketDetailsVC.xib in Resources */,
				1C6144632B7318F4009424EA /* TrendingCollectionViewCell.xib in Resources */,
				1CE120DD2B8796D100DA7CDC /* AvailableTrips.xib in Resources */,
				1C7D573C2B975B9C00AA6618 /* StepOneVC.xib in Resources */,
				1C7D57402B975BAF00AA6618 /* StepTwoVC.xib in Resources */,
				1CABEADD2B8B299B001DB682 /* FamilyMembersVC.xib in Resources */,
				1C7C657B2B6AD3E000A64EDD /* Assets.xcassets in Resources */,
				1C7C65792B6AD3DE00A64EDD /* Main.storyboard in Resources */,
				1C20DA862B7DABFD00936E0E /* CategorySelectionTableViewCell.xib in Resources */,
				1C336E802B98E05D00BE4D1E /* MatchTicketsTableViewCell.xib in Resources */,
				1CD593AF2B8D259200710333 /* PaymentMethodVC.xib in Resources */,
				1C7D574B2B97848700AA6618 /* RegisterationDoneVC.xib in Resources */,
				1C015CC82B6C9D9500988E7D /* LeagueCollectionViewCell.xib in Resources */,
				1CABEAE12B8B2B85001DB682 /* FamilyMembersTableViewCell.xib in Resources */,
				1CCBA4C22B76B9EA0079C049 /* HighlightsTableViewCell.xib in Resources */,
				1C38C08C2B747FAB00D67603 /* NewsTableViewCell.xib in Resources */,
				1C0C1D4D2B82874F0038DAEF /* NumberOfTicketsTableViewCell.xib in Resources */,
				1C1D9B7B2B97BB5800A06A1E /* GoogleService-Info.plist in Resources */,
				1C61741B2B6D601B00F3E8AB /* PopularCollectionViewCell.xib in Resources */,
				1C7CBC432B878E4C008AF14C /* TripsVC.xib in Resources */,
			);
			runOnlyForDeploymentPostprocessing = 0;
		};
		1C7C65822B6AD3E000A64EDD /* Resources */ = {
			isa = PBXResourcesBuildPhase;
			buildActionMask = 2147483647;
			files = (
			);
			runOnlyForDeploymentPostprocessing = 0;
		};
		1C7C658C2B6AD3E000A64EDD /* Resources */ = {
			isa = PBXResourcesBuildPhase;
			buildActionMask = 2147483647;
			files = (
			);
			runOnlyForDeploymentPostprocessing = 0;
		};
/* End PBXResourcesBuildPhase section */

/* Begin PBXShellScriptBuildPhase section */
		4D87D11B6A5865D61E60907D /* [CP] Embed Pods Frameworks */ = {
			isa = PBXShellScriptBuildPhase;
			buildActionMask = 2147483647;
			files = (
			);
			inputFileListPaths = (
				"${PODS_ROOT}/Target Support Files/Pods-FanZone/Pods-FanZone-frameworks-${CONFIGURATION}-input-files.xcfilelist",
			);
			name = "[CP] Embed Pods Frameworks";
			outputFileListPaths = (
				"${PODS_ROOT}/Target Support Files/Pods-FanZone/Pods-FanZone-frameworks-${CONFIGURATION}-output-files.xcfilelist",
			);
			runOnlyForDeploymentPostprocessing = 0;
			shellPath = /bin/sh;
			shellScript = "\"${PODS_ROOT}/Target Support Files/Pods-FanZone/Pods-FanZone-frameworks.sh\"\n";
			showEnvVarsInLog = 0;
		};
		83EBA782FF04C5E8ABA109D5 /* [CP] Check Pods Manifest.lock */ = {
			isa = PBXShellScriptBuildPhase;
			buildActionMask = 2147483647;
			files = (
			);
			inputFileListPaths = (
			);
			inputPaths = (
				"${PODS_PODFILE_DIR_PATH}/Podfile.lock",
				"${PODS_ROOT}/Manifest.lock",
			);
			name = "[CP] Check Pods Manifest.lock";
			outputFileListPaths = (
			);
			outputPaths = (
				"$(DERIVED_FILE_DIR)/Pods-FanZoneTests-checkManifestLockResult.txt",
			);
			runOnlyForDeploymentPostprocessing = 0;
			shellPath = /bin/sh;
			shellScript = "diff \"${PODS_PODFILE_DIR_PATH}/Podfile.lock\" \"${PODS_ROOT}/Manifest.lock\" > /dev/null\nif [ $? != 0 ] ; then\n    # print error to STDERR\n    echo \"error: The sandbox is not in sync with the Podfile.lock. Run 'pod install' or update your CocoaPods installation.\" >&2\n    exit 1\nfi\n# This output is used by Xcode 'outputs' to avoid re-running this script phase.\necho \"SUCCESS\" > \"${SCRIPT_OUTPUT_FILE_0}\"\n";
			showEnvVarsInLog = 0;
		};
		D3B138110374FBC14BAD670E /* [CP] Check Pods Manifest.lock */ = {
			isa = PBXShellScriptBuildPhase;
			buildActionMask = 2147483647;
			files = (
			);
			inputFileListPaths = (
			);
			inputPaths = (
				"${PODS_PODFILE_DIR_PATH}/Podfile.lock",
				"${PODS_ROOT}/Manifest.lock",
			);
			name = "[CP] Check Pods Manifest.lock";
			outputFileListPaths = (
			);
			outputPaths = (
				"$(DERIVED_FILE_DIR)/Pods-FanZone-FanZoneUITests-checkManifestLockResult.txt",
			);
			runOnlyForDeploymentPostprocessing = 0;
			shellPath = /bin/sh;
			shellScript = "diff \"${PODS_PODFILE_DIR_PATH}/Podfile.lock\" \"${PODS_ROOT}/Manifest.lock\" > /dev/null\nif [ $? != 0 ] ; then\n    # print error to STDERR\n    echo \"error: The sandbox is not in sync with the Podfile.lock. Run 'pod install' or update your CocoaPods installation.\" >&2\n    exit 1\nfi\n# This output is used by Xcode 'outputs' to avoid re-running this script phase.\necho \"SUCCESS\" > \"${SCRIPT_OUTPUT_FILE_0}\"\n";
			showEnvVarsInLog = 0;
		};
		D498DC4B732453068D4EF5F2 /* [CP] Check Pods Manifest.lock */ = {
			isa = PBXShellScriptBuildPhase;
			buildActionMask = 2147483647;
			files = (
			);
			inputFileListPaths = (
			);
			inputPaths = (
				"${PODS_PODFILE_DIR_PATH}/Podfile.lock",
				"${PODS_ROOT}/Manifest.lock",
			);
			name = "[CP] Check Pods Manifest.lock";
			outputFileListPaths = (
			);
			outputPaths = (
				"$(DERIVED_FILE_DIR)/Pods-FanZone-checkManifestLockResult.txt",
			);
			runOnlyForDeploymentPostprocessing = 0;
			shellPath = /bin/sh;
			shellScript = "diff \"${PODS_PODFILE_DIR_PATH}/Podfile.lock\" \"${PODS_ROOT}/Manifest.lock\" > /dev/null\nif [ $? != 0 ] ; then\n    # print error to STDERR\n    echo \"error: The sandbox is not in sync with the Podfile.lock. Run 'pod install' or update your CocoaPods installation.\" >&2\n    exit 1\nfi\n# This output is used by Xcode 'outputs' to avoid re-running this script phase.\necho \"SUCCESS\" > \"${SCRIPT_OUTPUT_FILE_0}\"\n";
			showEnvVarsInLog = 0;
		};
		D4B19E3FB3207EAFB92DDC6E /* [CP] Embed Pods Frameworks */ = {
			isa = PBXShellScriptBuildPhase;
			buildActionMask = 2147483647;
			files = (
			);
			inputFileListPaths = (
				"${PODS_ROOT}/Target Support Files/Pods-FanZone-FanZoneUITests/Pods-FanZone-FanZoneUITests-frameworks-${CONFIGURATION}-input-files.xcfilelist",
			);
			name = "[CP] Embed Pods Frameworks";
			outputFileListPaths = (
				"${PODS_ROOT}/Target Support Files/Pods-FanZone-FanZoneUITests/Pods-FanZone-FanZoneUITests-frameworks-${CONFIGURATION}-output-files.xcfilelist",
			);
			runOnlyForDeploymentPostprocessing = 0;
			shellPath = /bin/sh;
			shellScript = "\"${PODS_ROOT}/Target Support Files/Pods-FanZone-FanZoneUITests/Pods-FanZone-FanZoneUITests-frameworks.sh\"\n";
			showEnvVarsInLog = 0;
		};
/* End PBXShellScriptBuildPhase section */

/* Begin PBXSourcesBuildPhase section */
		1C7C656A2B6AD3DE00A64EDD /* Sources */ = {
			isa = PBXSourcesBuildPhase;
			buildActionMask = 2147483647;
			files = (
				1C7D573B2B975B9C00AA6618 /* StepOneVC.swift in Sources */,
				1C336E7F2B98E05D00BE4D1E /* MatchTicketsTableViewCell.swift in Sources */,
				1C005ECE2B83603A00CA88A5 /* ProfileVC.swift in Sources */,
				1C4968482B86B50700168784 /* BusTicketsVC.swift in Sources */,
				1CCBA4C72B76C9B00079C049 /* VideoWebViewVC.swift in Sources */,
				1CEA48212B771AC6002873AC /* FixturesVC.swift in Sources */,
				1CD593AE2B8D259200710333 /* PaymentMethodVC.swift in Sources */,
				1C7C65762B6AD3DE00A64EDD /* HomeVC.swift in Sources */,
				1CAE5B7E2B708018008431D0 /* UpcomingFixeturesModel.swift in Sources */,
				1C015CCB2B6CA35100988E7D /* ViewModel.swift in Sources */,
				1C7D573F2B975BAF00AA6618 /* StepTwoVC.swift in Sources */,
				1C7CBC422B878E4C008AF14C /* TripsVC.swift in Sources */,
				1C7D574A2B97848700AA6618 /* RegisterationDoneVC.swift in Sources */,
				1CABEADC2B8B299B001DB682 /* FamilyMembersVC.swift in Sources */,
				1C61741A2B6D601B00F3E8AB /* PopularCollectionViewCell.swift in Sources */,
				1C20DA852B7DABFD00936E0E /* CategorySelectionTableViewCell.swift in Sources */,
				1CEDD9862B86458600267FAC /* BookBusVC.swift in Sources */,
				1CC22DCC2B6EBED200704EA8 /* UpcomingMatchesTableViewCell.swift in Sources */,
				1C7C65AB2B6C38D900A64EDD /* HighlightsVC.swift in Sources */,
				1C35C3962BA243D200BC4E06 /* MatchTicketDetailsVC.swift in Sources */,
				1C336E822B98FE9200BE4D1E /* MatchTicketsModel.swift in Sources */,
				1C7D57432B975BBF00AA6618 /* StepThreeVC.swift in Sources */,
				1CC2F38A2B7EB8E4006FFB77 /* RadioButton.swift in Sources */,
				1C7C65AD2B6C38EA00A64EDD /* SignInVC.swift in Sources */,
				1CE120DC2B8796D100DA7CDC /* AvailableTrips.swift in Sources */,
				1C015CC72B6C9D9500988E7D /* LeagueCollectionViewCell.swift in Sources */,
				1C6144652B7336DE009424EA /* TrendingNewsModel.swift in Sources */,
				1C0C1D4C2B82874F0038DAEF /* NumberOfTicketsTableViewCell.swift in Sources */,
				1C7C65A72B6C36C300A64EDD /* NavBar.swift in Sources */,
				1C5D3BF32B7C699500623370 /* BookingVC.swift in Sources */,
				1C20DA802B7DA64100936E0E /* DepartmnetSelectionTableViewCell.swift in Sources */,
				1CEF7C452B75D8C200A9B824 /* NewsWebVC.swift in Sources */,
				1CAE5B7C2B707F03008431D0 /* ApiManager.swift in Sources */,
				1C32CFE62B98DF2E00815AED /* MatchTicketsVC.swift in Sources */,
				1CCBA4C52B76C0AA0079C049 /* HighlightsModel.swift in Sources */,
				1C606A5A2B817BFB00CD0259 /* cellData.swift in Sources */,
				1C7C65722B6AD3DE00A64EDD /* AppDelegate.swift in Sources */,
				1CEF7C432B75CD7A00A9B824 /* NewsModel.swift in Sources */,
				1CCBA4C12B76B9EA0079C049 /* HighlightsTableViewCell.swift in Sources */,
				1CABEAE02B8B2B85001DB682 /* FamilyMembersTableViewCell.swift in Sources */,
				1C1921D92B83F82E00B6DE44 /* ContactUsVC.swift in Sources */,
				1CE729AA2B88C05600F970DF /* TripDetailsVC.swift in Sources */,
				1CE96B042B9E577C004199E6 /* MatchTicketsManager.swift in Sources */,
				1C6144622B7318F4009424EA /* TrendingCollectionViewCell.swift in Sources */,
				1C7C65742B6AD3DE00A64EDD /* SceneDelegate.swift in Sources */,
				1C38C08B2B747FAB00D67603 /* NewsTableViewCell.swift in Sources */,
				1C7C65A92B6C38C200A64EDD /* NewsVC.swift in Sources */,
				1CABEAE42B8B41E5001DB682 /* AddMemberVC.swift in Sources */,
				1C1921DC2B84022900B6DE44 /* Alert.swift in Sources */,
				1CAE5B7A2B707DEC008431D0 /* Constants.swift in Sources */,
				1C005ED02B83675900CA88A5 /* TabBar.swift in Sources */,
			);
			runOnlyForDeploymentPostprocessing = 0;
		};
		1C7C65802B6AD3E000A64EDD /* Sources */ = {
			isa = PBXSourcesBuildPhase;
			buildActionMask = 2147483647;
			files = (
				1C7C65892B6AD3E000A64EDD /* FanZoneTests.swift in Sources */,
			);
			runOnlyForDeploymentPostprocessing = 0;
		};
		1C7C658A2B6AD3E000A64EDD /* Sources */ = {
			isa = PBXSourcesBuildPhase;
			buildActionMask = 2147483647;
			files = (
				1C7C65952B6AD3E000A64EDD /* FanZoneUITestsLaunchTests.swift in Sources */,
				1C7C65932B6AD3E000A64EDD /* FanZoneUITests.swift in Sources */,
			);
			runOnlyForDeploymentPostprocessing = 0;
		};
/* End PBXSourcesBuildPhase section */

/* Begin PBXTargetDependency section */
		1C7C65862B6AD3E000A64EDD /* PBXTargetDependency */ = {
			isa = PBXTargetDependency;
			target = 1C7C656D2B6AD3DE00A64EDD /* FanZone */;
			targetProxy = 1C7C65852B6AD3E000A64EDD /* PBXContainerItemProxy */;
		};
		1C7C65902B6AD3E000A64EDD /* PBXTargetDependency */ = {
			isa = PBXTargetDependency;
			target = 1C7C656D2B6AD3DE00A64EDD /* FanZone */;
			targetProxy = 1C7C658F2B6AD3E000A64EDD /* PBXContainerItemProxy */;
		};
/* End PBXTargetDependency section */

/* Begin PBXVariantGroup section */
		1C7C65772B6AD3DE00A64EDD /* Main.storyboard */ = {
			isa = PBXVariantGroup;
			children = (
				1C7C65782B6AD3DE00A64EDD /* Base */,
			);
			name = Main.storyboard;
			sourceTree = "<group>";
		};
		1C7C657C2B6AD3E000A64EDD /* LaunchScreen.storyboard */ = {
			isa = PBXVariantGroup;
			children = (
				1C7C657D2B6AD3E000A64EDD /* Base */,
			);
			name = LaunchScreen.storyboard;
			sourceTree = "<group>";
		};
/* End PBXVariantGroup section */

/* Begin XCBuildConfiguration section */
		1C7C65962B6AD3E000A64EDD /* Debug */ = {
			isa = XCBuildConfiguration;
			buildSettings = {
				ALWAYS_SEARCH_USER_PATHS = NO;
				CLANG_ANALYZER_NONNULL = YES;
				CLANG_ANALYZER_NUMBER_OBJECT_CONVERSION = YES_AGGRESSIVE;
				CLANG_CXX_LANGUAGE_STANDARD = "gnu++20";
				CLANG_ENABLE_MODULES = YES;
				CLANG_ENABLE_OBJC_ARC = YES;
				CLANG_ENABLE_OBJC_WEAK = YES;
				CLANG_WARN_BLOCK_CAPTURE_AUTORELEASING = YES;
				CLANG_WARN_BOOL_CONVERSION = YES;
				CLANG_WARN_COMMA = YES;
				CLANG_WARN_CONSTANT_CONVERSION = YES;
				CLANG_WARN_DEPRECATED_OBJC_IMPLEMENTATIONS = YES;
				CLANG_WARN_DIRECT_OBJC_ISA_USAGE = YES_ERROR;
				CLANG_WARN_DOCUMENTATION_COMMENTS = YES;
				CLANG_WARN_EMPTY_BODY = YES;
				CLANG_WARN_ENUM_CONVERSION = YES;
				CLANG_WARN_INFINITE_RECURSION = YES;
				CLANG_WARN_INT_CONVERSION = YES;
				CLANG_WARN_NON_LITERAL_NULL_CONVERSION = YES;
				CLANG_WARN_OBJC_IMPLICIT_RETAIN_SELF = YES;
				CLANG_WARN_OBJC_LITERAL_CONVERSION = YES;
				CLANG_WARN_OBJC_ROOT_CLASS = YES_ERROR;
				CLANG_WARN_QUOTED_INCLUDE_IN_FRAMEWORK_HEADER = YES;
				CLANG_WARN_RANGE_LOOP_ANALYSIS = YES;
				CLANG_WARN_STRICT_PROTOTYPES = YES;
				CLANG_WARN_SUSPICIOUS_MOVE = YES;
				CLANG_WARN_UNGUARDED_AVAILABILITY = YES_AGGRESSIVE;
				CLANG_WARN_UNREACHABLE_CODE = YES;
				CLANG_WARN__DUPLICATE_METHOD_MATCH = YES;
				COPY_PHASE_STRIP = NO;
				DEBUG_INFORMATION_FORMAT = dwarf;
				ENABLE_STRICT_OBJC_MSGSEND = YES;
				ENABLE_TESTABILITY = YES;
				GCC_C_LANGUAGE_STANDARD = gnu11;
				GCC_DYNAMIC_NO_PIC = NO;
				GCC_NO_COMMON_BLOCKS = YES;
				GCC_OPTIMIZATION_LEVEL = 0;
				GCC_PREPROCESSOR_DEFINITIONS = (
					"DEBUG=1",
					"$(inherited)",
				);
				GCC_WARN_64_TO_32_BIT_CONVERSION = YES;
				GCC_WARN_ABOUT_RETURN_TYPE = YES_ERROR;
				GCC_WARN_UNDECLARED_SELECTOR = YES;
				GCC_WARN_UNINITIALIZED_AUTOS = YES_AGGRESSIVE;
				GCC_WARN_UNUSED_FUNCTION = YES;
				GCC_WARN_UNUSED_VARIABLE = YES;
				IPHONEOS_DEPLOYMENT_TARGET = 16.2;
				MTL_ENABLE_DEBUG_INFO = INCLUDE_SOURCE;
				MTL_FAST_MATH = YES;
				ONLY_ACTIVE_ARCH = YES;
				SDKROOT = iphoneos;
				SWIFT_ACTIVE_COMPILATION_CONDITIONS = DEBUG;
				SWIFT_OPTIMIZATION_LEVEL = "-Onone";
			};
			name = Debug;
		};
		1C7C65972B6AD3E000A64EDD /* Release */ = {
			isa = XCBuildConfiguration;
			buildSettings = {
				ALWAYS_SEARCH_USER_PATHS = NO;
				CLANG_ANALYZER_NONNULL = YES;
				CLANG_ANALYZER_NUMBER_OBJECT_CONVERSION = YES_AGGRESSIVE;
				CLANG_CXX_LANGUAGE_STANDARD = "gnu++20";
				CLANG_ENABLE_MODULES = YES;
				CLANG_ENABLE_OBJC_ARC = YES;
				CLANG_ENABLE_OBJC_WEAK = YES;
				CLANG_WARN_BLOCK_CAPTURE_AUTORELEASING = YES;
				CLANG_WARN_BOOL_CONVERSION = YES;
				CLANG_WARN_COMMA = YES;
				CLANG_WARN_CONSTANT_CONVERSION = YES;
				CLANG_WARN_DEPRECATED_OBJC_IMPLEMENTATIONS = YES;
				CLANG_WARN_DIRECT_OBJC_ISA_USAGE = YES_ERROR;
				CLANG_WARN_DOCUMENTATION_COMMENTS = YES;
				CLANG_WARN_EMPTY_BODY = YES;
				CLANG_WARN_ENUM_CONVERSION = YES;
				CLANG_WARN_INFINITE_RECURSION = YES;
				CLANG_WARN_INT_CONVERSION = YES;
				CLANG_WARN_NON_LITERAL_NULL_CONVERSION = YES;
				CLANG_WARN_OBJC_IMPLICIT_RETAIN_SELF = YES;
				CLANG_WARN_OBJC_LITERAL_CONVERSION = YES;
				CLANG_WARN_OBJC_ROOT_CLASS = YES_ERROR;
				CLANG_WARN_QUOTED_INCLUDE_IN_FRAMEWORK_HEADER = YES;
				CLANG_WARN_RANGE_LOOP_ANALYSIS = YES;
				CLANG_WARN_STRICT_PROTOTYPES = YES;
				CLANG_WARN_SUSPICIOUS_MOVE = YES;
				CLANG_WARN_UNGUARDED_AVAILABILITY = YES_AGGRESSIVE;
				CLANG_WARN_UNREACHABLE_CODE = YES;
				CLANG_WARN__DUPLICATE_METHOD_MATCH = YES;
				COPY_PHASE_STRIP = NO;
				DEBUG_INFORMATION_FORMAT = "dwarf-with-dsym";
				ENABLE_NS_ASSERTIONS = NO;
				ENABLE_STRICT_OBJC_MSGSEND = YES;
				GCC_C_LANGUAGE_STANDARD = gnu11;
				GCC_NO_COMMON_BLOCKS = YES;
				GCC_WARN_64_TO_32_BIT_CONVERSION = YES;
				GCC_WARN_ABOUT_RETURN_TYPE = YES_ERROR;
				GCC_WARN_UNDECLARED_SELECTOR = YES;
				GCC_WARN_UNINITIALIZED_AUTOS = YES_AGGRESSIVE;
				GCC_WARN_UNUSED_FUNCTION = YES;
				GCC_WARN_UNUSED_VARIABLE = YES;
				IPHONEOS_DEPLOYMENT_TARGET = 16.2;
				MTL_ENABLE_DEBUG_INFO = NO;
				MTL_FAST_MATH = YES;
				SDKROOT = iphoneos;
				SWIFT_COMPILATION_MODE = wholemodule;
				SWIFT_OPTIMIZATION_LEVEL = "-O";
				VALIDATE_PRODUCT = YES;
			};
			name = Release;
		};
		1C7C65992B6AD3E000A64EDD /* Debug */ = {
			isa = XCBuildConfiguration;
			baseConfigurationReference = DDB5C3FC33E2FEF132921095 /* Pods-FanZone.debug.xcconfig */;
			buildSettings = {
				ASSETCATALOG_COMPILER_APPICON_NAME = AppIcon;
				ASSETCATALOG_COMPILER_GLOBAL_ACCENT_COLOR_NAME = AccentColor;
				CODE_SIGN_STYLE = Automatic;
				CURRENT_PROJECT_VERSION = 1;
				DEVELOPMENT_TEAM = YMB9NT2NKU;
				GENERATE_INFOPLIST_FILE = YES;
				INFOPLIST_FILE = FanZone/Info.plist;
				INFOPLIST_KEY_UIApplicationSupportsIndirectInputEvents = YES;
				INFOPLIST_KEY_UILaunchStoryboardName = LaunchScreen;
				INFOPLIST_KEY_UIMainStoryboardFile = Main;
				INFOPLIST_KEY_UISupportedInterfaceOrientations_iPad = "UIInterfaceOrientationPortrait UIInterfaceOrientationPortraitUpsideDown UIInterfaceOrientationLandscapeLeft UIInterfaceOrientationLandscapeRight";
				INFOPLIST_KEY_UISupportedInterfaceOrientations_iPhone = "UIInterfaceOrientationPortrait UIInterfaceOrientationLandscapeLeft UIInterfaceOrientationLandscapeRight";
				LD_RUNPATH_SEARCH_PATHS = (
					"$(inherited)",
					"@executable_path/Frameworks",
				);
				MARKETING_VERSION = 1.0;
				PRODUCT_BUNDLE_IDENTIFIER = com.atrees.FanZone;
				PRODUCT_NAME = "$(TARGET_NAME)";
				SWIFT_EMIT_LOC_STRINGS = YES;
				SWIFT_VERSION = 5.0;
				TARGETED_DEVICE_FAMILY = "1,2";
			};
			name = Debug;
		};
		1C7C659A2B6AD3E000A64EDD /* Release */ = {
			isa = XCBuildConfiguration;
			baseConfigurationReference = 9997ED6EDF22341820170BE0 /* Pods-FanZone.release.xcconfig */;
			buildSettings = {
				ASSETCATALOG_COMPILER_APPICON_NAME = AppIcon;
				ASSETCATALOG_COMPILER_GLOBAL_ACCENT_COLOR_NAME = AccentColor;
				CODE_SIGN_STYLE = Automatic;
				CURRENT_PROJECT_VERSION = 1;
				DEVELOPMENT_TEAM = YMB9NT2NKU;
				GENERATE_INFOPLIST_FILE = YES;
				INFOPLIST_FILE = FanZone/Info.plist;
				INFOPLIST_KEY_UIApplicationSupportsIndirectInputEvents = YES;
				INFOPLIST_KEY_UILaunchStoryboardName = LaunchScreen;
				INFOPLIST_KEY_UIMainStoryboardFile = Main;
				INFOPLIST_KEY_UISupportedInterfaceOrientations_iPad = "UIInterfaceOrientationPortrait UIInterfaceOrientationPortraitUpsideDown UIInterfaceOrientationLandscapeLeft UIInterfaceOrientationLandscapeRight";
				INFOPLIST_KEY_UISupportedInterfaceOrientations_iPhone = "UIInterfaceOrientationPortrait UIInterfaceOrientationLandscapeLeft UIInterfaceOrientationLandscapeRight";
				LD_RUNPATH_SEARCH_PATHS = (
					"$(inherited)",
					"@executable_path/Frameworks",
				);
				MARKETING_VERSION = 1.0;
				PRODUCT_BUNDLE_IDENTIFIER = com.atrees.FanZone;
				PRODUCT_NAME = "$(TARGET_NAME)";
				SWIFT_EMIT_LOC_STRINGS = YES;
				SWIFT_VERSION = 5.0;
				TARGETED_DEVICE_FAMILY = "1,2";
			};
			name = Release;
		};
		1C7C659C2B6AD3E000A64EDD /* Debug */ = {
			isa = XCBuildConfiguration;
			baseConfigurationReference = A043908E70C0E713C63248AF /* Pods-FanZoneTests.debug.xcconfig */;
			buildSettings = {
				ALWAYS_EMBED_SWIFT_STANDARD_LIBRARIES = YES;
				BUNDLE_LOADER = "$(TEST_HOST)";
				CODE_SIGN_STYLE = Automatic;
				CURRENT_PROJECT_VERSION = 1;
				DEVELOPMENT_TEAM = YMB9NT2NKU;
				GENERATE_INFOPLIST_FILE = YES;
				IPHONEOS_DEPLOYMENT_TARGET = 16.2;
				MARKETING_VERSION = 1.0;
				PRODUCT_BUNDLE_IDENTIFIER = com.atrees.FanZoneTests;
				PRODUCT_NAME = "$(TARGET_NAME)";
				SWIFT_EMIT_LOC_STRINGS = NO;
				SWIFT_VERSION = 5.0;
				TARGETED_DEVICE_FAMILY = "1,2";
				TEST_HOST = "$(BUILT_PRODUCTS_DIR)/FanZone.app/$(BUNDLE_EXECUTABLE_FOLDER_PATH)/FanZone";
			};
			name = Debug;
		};
		1C7C659D2B6AD3E000A64EDD /* Release */ = {
			isa = XCBuildConfiguration;
			baseConfigurationReference = AAAC2B0B58D836D5DD662249 /* Pods-FanZoneTests.release.xcconfig */;
			buildSettings = {
				ALWAYS_EMBED_SWIFT_STANDARD_LIBRARIES = YES;
				BUNDLE_LOADER = "$(TEST_HOST)";
				CODE_SIGN_STYLE = Automatic;
				CURRENT_PROJECT_VERSION = 1;
				DEVELOPMENT_TEAM = YMB9NT2NKU;
				GENERATE_INFOPLIST_FILE = YES;
				IPHONEOS_DEPLOYMENT_TARGET = 16.2;
				MARKETING_VERSION = 1.0;
				PRODUCT_BUNDLE_IDENTIFIER = com.atrees.FanZoneTests;
				PRODUCT_NAME = "$(TARGET_NAME)";
				SWIFT_EMIT_LOC_STRINGS = NO;
				SWIFT_VERSION = 5.0;
				TARGETED_DEVICE_FAMILY = "1,2";
				TEST_HOST = "$(BUILT_PRODUCTS_DIR)/FanZone.app/$(BUNDLE_EXECUTABLE_FOLDER_PATH)/FanZone";
			};
			name = Release;
		};
		1C7C659F2B6AD3E000A64EDD /* Debug */ = {
			isa = XCBuildConfiguration;
			baseConfigurationReference = D9F03DDD50544BF33E3CB92D /* Pods-FanZone-FanZoneUITests.debug.xcconfig */;
			buildSettings = {
				ALWAYS_EMBED_SWIFT_STANDARD_LIBRARIES = YES;
				CODE_SIGN_STYLE = Automatic;
				CURRENT_PROJECT_VERSION = 1;
				DEVELOPMENT_TEAM = YMB9NT2NKU;
				GENERATE_INFOPLIST_FILE = YES;
				MARKETING_VERSION = 1.0;
				PRODUCT_BUNDLE_IDENTIFIER = com.atrees.FanZoneUITests;
				PRODUCT_NAME = "$(TARGET_NAME)";
				SWIFT_EMIT_LOC_STRINGS = NO;
				SWIFT_VERSION = 5.0;
				TARGETED_DEVICE_FAMILY = "1,2";
				TEST_TARGET_NAME = FanZone;
			};
			name = Debug;
		};
		1C7C65A02B6AD3E000A64EDD /* Release */ = {
			isa = XCBuildConfiguration;
			baseConfigurationReference = C2CDC8DF065BD6837128350F /* Pods-FanZone-FanZoneUITests.release.xcconfig */;
			buildSettings = {
				ALWAYS_EMBED_SWIFT_STANDARD_LIBRARIES = YES;
				CODE_SIGN_STYLE = Automatic;
				CURRENT_PROJECT_VERSION = 1;
				DEVELOPMENT_TEAM = YMB9NT2NKU;
				GENERATE_INFOPLIST_FILE = YES;
				MARKETING_VERSION = 1.0;
				PRODUCT_BUNDLE_IDENTIFIER = com.atrees.FanZoneUITests;
				PRODUCT_NAME = "$(TARGET_NAME)";
				SWIFT_EMIT_LOC_STRINGS = NO;
				SWIFT_VERSION = 5.0;
				TARGETED_DEVICE_FAMILY = "1,2";
				TEST_TARGET_NAME = FanZone;
			};
			name = Release;
		};
/* End XCBuildConfiguration section */

/* Begin XCConfigurationList section */
		1C7C65692B6AD3DE00A64EDD /* Build configuration list for PBXProject "FanZone" */ = {
			isa = XCConfigurationList;
			buildConfigurations = (
				1C7C65962B6AD3E000A64EDD /* Debug */,
				1C7C65972B6AD3E000A64EDD /* Release */,
			);
			defaultConfigurationIsVisible = 0;
			defaultConfigurationName = Release;
		};
		1C7C65982B6AD3E000A64EDD /* Build configuration list for PBXNativeTarget "FanZone" */ = {
			isa = XCConfigurationList;
			buildConfigurations = (
				1C7C65992B6AD3E000A64EDD /* Debug */,
				1C7C659A2B6AD3E000A64EDD /* Release */,
			);
			defaultConfigurationIsVisible = 0;
			defaultConfigurationName = Release;
		};
		1C7C659B2B6AD3E000A64EDD /* Build configuration list for PBXNativeTarget "FanZoneTests" */ = {
			isa = XCConfigurationList;
			buildConfigurations = (
				1C7C659C2B6AD3E000A64EDD /* Debug */,
				1C7C659D2B6AD3E000A64EDD /* Release */,
			);
			defaultConfigurationIsVisible = 0;
			defaultConfigurationName = Release;
		};
		1C7C659E2B6AD3E000A64EDD /* Build configuration list for PBXNativeTarget "FanZoneUITests" */ = {
			isa = XCConfigurationList;
			buildConfigurations = (
				1C7C659F2B6AD3E000A64EDD /* Debug */,
				1C7C65A02B6AD3E000A64EDD /* Release */,
			);
			defaultConfigurationIsVisible = 0;
			defaultConfigurationName = Release;
		};
/* End XCConfigurationList section */

/* Begin XCRemoteSwiftPackageReference section */
		1C015CCC2B6CA46400988E7D /* XCRemoteSwiftPackageReference "RxSwift" */ = {
			isa = XCRemoteSwiftPackageReference;
			repositoryURL = "https://github.com/ReactiveX/RxSwift.git";
			requirement = {
				branch = main;
				kind = branch;
			};
		};
		1C1D9B412B97B96D00A06A1E /* XCRemoteSwiftPackageReference "firebase-ios-sdk" */ = {
			isa = XCRemoteSwiftPackageReference;
			repositoryURL = "https://github.com/firebase/firebase-ios-sdk";
			requirement = {
				kind = upToNextMinorVersion;
				minimumVersion = 9.6.0;
			};
		};
		1C20DA872B7DB46F00936E0E /* XCRemoteSwiftPackageReference "RxDataSources" */ = {
			isa = XCRemoteSwiftPackageReference;
			repositoryURL = "https://github.com/RxSwiftCommunity/RxDataSources.git";
			requirement = {
				branch = main;
				kind = branch;
			};
		};
		1C606A5B2B81814900CD0259 /* XCRemoteSwiftPackageReference "iOSDropDown" */ = {
			isa = XCRemoteSwiftPackageReference;
			repositoryURL = "https://github.com/jriosdev/iOSDropDown.git";
			requirement = {
				branch = master;
				kind = branch;
			};
		};
		1C6144682B734019009424EA /* XCRemoteSwiftPackageReference "SDWebImage" */ = {
			isa = XCRemoteSwiftPackageReference;
			repositoryURL = "https://github.com/SDWebImage/SDWebImage.git";
			requirement = {
				branch = master;
				kind = branch;
			};
		};
/* End XCRemoteSwiftPackageReference section */

/* Begin XCSwiftPackageProductDependency section */
		1C015CCD2B6CA46400988E7D /* RxCocoa */ = {
			isa = XCSwiftPackageProductDependency;
			package = 1C015CCC2B6CA46400988E7D /* XCRemoteSwiftPackageReference "RxSwift" */;
			productName = RxCocoa;
		};
		1C015CCF2B6CA46400988E7D /* RxRelay */ = {
			isa = XCSwiftPackageProductDependency;
			package = 1C015CCC2B6CA46400988E7D /* XCRemoteSwiftPackageReference "RxSwift" */;
			productName = RxRelay;
		};
		1C015CD12B6CA46400988E7D /* RxSwift */ = {
			isa = XCSwiftPackageProductDependency;
			package = 1C015CCC2B6CA46400988E7D /* XCRemoteSwiftPackageReference "RxSwift" */;
			productName = RxSwift;
		};
		1C1D9B422B97B96D00A06A1E /* FirebaseAnalytics */ = {
			isa = XCSwiftPackageProductDependency;
			package = 1C1D9B412B97B96D00A06A1E /* XCRemoteSwiftPackageReference "firebase-ios-sdk" */;
			productName = FirebaseAnalytics;
		};
		1C1D9B442B97B96D00A06A1E /* FirebaseAnalyticsOnDeviceConversion */ = {
			isa = XCSwiftPackageProductDependency;
			package = 1C1D9B412B97B96D00A06A1E /* XCRemoteSwiftPackageReference "firebase-ios-sdk" */;
			productName = FirebaseAnalyticsOnDeviceConversion;
		};
		1C1D9B462B97B96D00A06A1E /* FirebaseAnalyticsSwift */ = {
			isa = XCSwiftPackageProductDependency;
			package = 1C1D9B412B97B96D00A06A1E /* XCRemoteSwiftPackageReference "firebase-ios-sdk" */;
			productName = FirebaseAnalyticsSwift;
		};
		1C1D9B482B97B96D00A06A1E /* FirebaseAnalyticsWithoutAdIdSupport */ = {
			isa = XCSwiftPackageProductDependency;
			package = 1C1D9B412B97B96D00A06A1E /* XCRemoteSwiftPackageReference "firebase-ios-sdk" */;
			productName = FirebaseAnalyticsWithoutAdIdSupport;
		};
		1C1D9B4A2B97B96D00A06A1E /* FirebaseAppCheck */ = {
			isa = XCSwiftPackageProductDependency;
			package = 1C1D9B412B97B96D00A06A1E /* XCRemoteSwiftPackageReference "firebase-ios-sdk" */;
			productName = FirebaseAppCheck;
		};
		1C1D9B4C2B97B96D00A06A1E /* FirebaseAppDistribution-Beta */ = {
			isa = XCSwiftPackageProductDependency;
			package = 1C1D9B412B97B96D00A06A1E /* XCRemoteSwiftPackageReference "firebase-ios-sdk" */;
			productName = "FirebaseAppDistribution-Beta";
		};
		1C1D9B4E2B97B96D00A06A1E /* FirebaseAuth */ = {
			isa = XCSwiftPackageProductDependency;
			package = 1C1D9B412B97B96D00A06A1E /* XCRemoteSwiftPackageReference "firebase-ios-sdk" */;
			productName = FirebaseAuth;
		};
		1C1D9B502B97B96D00A06A1E /* FirebaseAuthCombine-Community */ = {
			isa = XCSwiftPackageProductDependency;
			package = 1C1D9B412B97B96D00A06A1E /* XCRemoteSwiftPackageReference "firebase-ios-sdk" */;
			productName = "FirebaseAuthCombine-Community";
		};
		1C1D9B522B97B96D00A06A1E /* FirebaseCrashlytics */ = {
			isa = XCSwiftPackageProductDependency;
			package = 1C1D9B412B97B96D00A06A1E /* XCRemoteSwiftPackageReference "firebase-ios-sdk" */;
			productName = FirebaseCrashlytics;
		};
		1C1D9B542B97B96D00A06A1E /* FirebaseDatabase */ = {
			isa = XCSwiftPackageProductDependency;
			package = 1C1D9B412B97B96D00A06A1E /* XCRemoteSwiftPackageReference "firebase-ios-sdk" */;
			productName = FirebaseDatabase;
		};
		1C1D9B562B97B96D00A06A1E /* FirebaseDatabaseSwift */ = {
			isa = XCSwiftPackageProductDependency;
			package = 1C1D9B412B97B96D00A06A1E /* XCRemoteSwiftPackageReference "firebase-ios-sdk" */;
			productName = FirebaseDatabaseSwift;
		};
		1C1D9B582B97B96D00A06A1E /* FirebaseDynamicLinks */ = {
			isa = XCSwiftPackageProductDependency;
			package = 1C1D9B412B97B96D00A06A1E /* XCRemoteSwiftPackageReference "firebase-ios-sdk" */;
			productName = FirebaseDynamicLinks;
		};
		1C1D9B5A2B97B96D00A06A1E /* FirebaseFirestore */ = {
			isa = XCSwiftPackageProductDependency;
			package = 1C1D9B412B97B96D00A06A1E /* XCRemoteSwiftPackageReference "firebase-ios-sdk" */;
			productName = FirebaseFirestore;
		};
		1C1D9B5C2B97B96D00A06A1E /* FirebaseFirestoreCombine-Community */ = {
			isa = XCSwiftPackageProductDependency;
			package = 1C1D9B412B97B96D00A06A1E /* XCRemoteSwiftPackageReference "firebase-ios-sdk" */;
			productName = "FirebaseFirestoreCombine-Community";
		};
		1C1D9B5E2B97B96D00A06A1E /* FirebaseFirestoreSwift */ = {
			isa = XCSwiftPackageProductDependency;
			package = 1C1D9B412B97B96D00A06A1E /* XCRemoteSwiftPackageReference "firebase-ios-sdk" */;
			productName = FirebaseFirestoreSwift;
		};
		1C1D9B602B97B96D00A06A1E /* FirebaseFunctions */ = {
			isa = XCSwiftPackageProductDependency;
			package = 1C1D9B412B97B96D00A06A1E /* XCRemoteSwiftPackageReference "firebase-ios-sdk" */;
			productName = FirebaseFunctions;
		};
		1C1D9B622B97B96D00A06A1E /* FirebaseFunctionsCombine-Community */ = {
			isa = XCSwiftPackageProductDependency;
			package = 1C1D9B412B97B96D00A06A1E /* XCRemoteSwiftPackageReference "firebase-ios-sdk" */;
			productName = "FirebaseFunctionsCombine-Community";
		};
		1C1D9B642B97B96D00A06A1E /* FirebaseInAppMessaging-Beta */ = {
			isa = XCSwiftPackageProductDependency;
			package = 1C1D9B412B97B96D00A06A1E /* XCRemoteSwiftPackageReference "firebase-ios-sdk" */;
			productName = "FirebaseInAppMessaging-Beta";
		};
		1C1D9B662B97B96D00A06A1E /* FirebaseInAppMessagingSwift-Beta */ = {
			isa = XCSwiftPackageProductDependency;
			package = 1C1D9B412B97B96D00A06A1E /* XCRemoteSwiftPackageReference "firebase-ios-sdk" */;
			productName = "FirebaseInAppMessagingSwift-Beta";
		};
		1C1D9B682B97B96D00A06A1E /* FirebaseInstallations */ = {
			isa = XCSwiftPackageProductDependency;
			package = 1C1D9B412B97B96D00A06A1E /* XCRemoteSwiftPackageReference "firebase-ios-sdk" */;
			productName = FirebaseInstallations;
		};
		1C1D9B6A2B97B96D00A06A1E /* FirebaseMLModelDownloader */ = {
			isa = XCSwiftPackageProductDependency;
			package = 1C1D9B412B97B96D00A06A1E /* XCRemoteSwiftPackageReference "firebase-ios-sdk" */;
			productName = FirebaseMLModelDownloader;
		};
		1C1D9B6C2B97B96D00A06A1E /* FirebaseMessaging */ = {
			isa = XCSwiftPackageProductDependency;
			package = 1C1D9B412B97B96D00A06A1E /* XCRemoteSwiftPackageReference "firebase-ios-sdk" */;
			productName = FirebaseMessaging;
		};
		1C1D9B6E2B97B96D00A06A1E /* FirebasePerformance */ = {
			isa = XCSwiftPackageProductDependency;
			package = 1C1D9B412B97B96D00A06A1E /* XCRemoteSwiftPackageReference "firebase-ios-sdk" */;
			productName = FirebasePerformance;
		};
		1C1D9B702B97B96D00A06A1E /* FirebaseRemoteConfig */ = {
			isa = XCSwiftPackageProductDependency;
			package = 1C1D9B412B97B96D00A06A1E /* XCRemoteSwiftPackageReference "firebase-ios-sdk" */;
			productName = FirebaseRemoteConfig;
		};
		1C1D9B722B97B96D00A06A1E /* FirebaseRemoteConfigSwift */ = {
			isa = XCSwiftPackageProductDependency;
			package = 1C1D9B412B97B96D00A06A1E /* XCRemoteSwiftPackageReference "firebase-ios-sdk" */;
			productName = FirebaseRemoteConfigSwift;
		};
		1C1D9B742B97B96D00A06A1E /* FirebaseStorage */ = {
			isa = XCSwiftPackageProductDependency;
			package = 1C1D9B412B97B96D00A06A1E /* XCRemoteSwiftPackageReference "firebase-ios-sdk" */;
			productName = FirebaseStorage;
		};
		1C1D9B762B97B96D00A06A1E /* FirebaseStorageCombine-Community */ = {
			isa = XCSwiftPackageProductDependency;
			package = 1C1D9B412B97B96D00A06A1E /* XCRemoteSwiftPackageReference "firebase-ios-sdk" */;
			productName = "FirebaseStorageCombine-Community";
		};
		1C20DA882B7DB46F00936E0E /* Differentiator */ = {
			isa = XCSwiftPackageProductDependency;
			package = 1C20DA872B7DB46F00936E0E /* XCRemoteSwiftPackageReference "RxDataSources" */;
			productName = Differentiator;
		};
		1C20DA8A2B7DB46F00936E0E /* RxDataSources */ = {
			isa = XCSwiftPackageProductDependency;
			package = 1C20DA872B7DB46F00936E0E /* XCRemoteSwiftPackageReference "RxDataSources" */;
			productName = RxDataSources;
		};
		1C606A5C2B81814A00CD0259 /* iOSDropDown */ = {
			isa = XCSwiftPackageProductDependency;
			package = 1C606A5B2B81814900CD0259 /* XCRemoteSwiftPackageReference "iOSDropDown" */;
			productName = iOSDropDown;
		};
		1C6144692B734019009424EA /* SDWebImage */ = {
			isa = XCSwiftPackageProductDependency;
			package = 1C6144682B734019009424EA /* XCRemoteSwiftPackageReference "SDWebImage" */;
			productName = SDWebImage;
		};
/* End XCSwiftPackageProductDependency section */
	};
	rootObject = 1C7C65662B6AD3DE00A64EDD /* Project object */;
}
